// !$*UTF8*$!
{
	archiveVersion = 1;
	classes = {
	};
	objectVersion = 46;
	objects = {

/* Begin PBXBuildFile section */
		408A39021B36380A001C37BA /* AppDelegate.swift in Sources */ = {isa = PBXBuildFile; fileRef = 408A39011B36380A001C37BA /* AppDelegate.swift */; };
		408A39041B36380A001C37BA /* ViewController.swift in Sources */ = {isa = PBXBuildFile; fileRef = 408A39031B36380A001C37BA /* ViewController.swift */; };
		408A39071B36380A001C37BA /* Main.storyboard in Resources */ = {isa = PBXBuildFile; fileRef = 408A39051B36380A001C37BA /* Main.storyboard */; };
		408A39091B36380A001C37BA /* Assets.xcassets in Resources */ = {isa = PBXBuildFile; fileRef = 408A39081B36380A001C37BA /* Assets.xcassets */; };
		408A390C1B36380A001C37BA /* LaunchScreen.storyboard in Resources */ = {isa = PBXBuildFile; fileRef = 408A390A1B36380A001C37BA /* LaunchScreen.storyboard */; };
		408A39171B36380A001C37BA /* ShipbitTests.swift in Sources */ = {isa = PBXBuildFile; fileRef = 408A39161B36380A001C37BA /* ShipbitTests.swift */; };
		408A39221B36380A001C37BA /* ShipbitUITests.swift in Sources */ = {isa = PBXBuildFile; fileRef = 408A39211B36380A001C37BA /* ShipbitUITests.swift */; };
/* End PBXBuildFile section */

/* Begin PBXContainerItemProxy section */
		408A39131B36380A001C37BA /* PBXContainerItemProxy */ = {
			isa = PBXContainerItemProxy;
			containerPortal = 408A38F61B36380A001C37BA /* Project object */;
			proxyType = 1;
			remoteGlobalIDString = 408A38FD1B36380A001C37BA;
			remoteInfo = Shipbit;
		};
		408A391E1B36380A001C37BA /* PBXContainerItemProxy */ = {
			isa = PBXContainerItemProxy;
			containerPortal = 408A38F61B36380A001C37BA /* Project object */;
			proxyType = 1;
			remoteGlobalIDString = 408A38FD1B36380A001C37BA;
			remoteInfo = Shipbit;
		};
/* End PBXContainerItemProxy section */

/* Begin PBXFileReference section */
		408A38FE1B36380A001C37BA /* Shipbit.app */ = {isa = PBXFileReference; explicitFileType = wrapper.application; includeInIndex = 0; path = Shipbit.app; sourceTree = BUILT_PRODUCTS_DIR; };
		408A39011B36380A001C37BA /* AppDelegate.swift */ = {isa = PBXFileReference; lastKnownFileType = sourcecode.swift; path = AppDelegate.swift; sourceTree = "<group>"; };
		408A39031B36380A001C37BA /* ViewController.swift */ = {isa = PBXFileReference; lastKnownFileType = sourcecode.swift; path = ViewController.swift; sourceTree = "<group>"; };
		408A39061B36380A001C37BA /* Base */ = {isa = PBXFileReference; lastKnownFileType = file.storyboard; name = Base; path = Base.lproj/Main.storyboard; sourceTree = "<group>"; };
		408A39081B36380A001C37BA /* Assets.xcassets */ = {isa = PBXFileReference; lastKnownFileType = folder.assetcatalog; path = Assets.xcassets; sourceTree = "<group>"; };
		408A390B1B36380A001C37BA /* Base */ = {isa = PBXFileReference; lastKnownFileType = file.storyboard; name = Base; path = Base.lproj/LaunchScreen.storyboard; sourceTree = "<group>"; };
		408A390D1B36380A001C37BA /* Info.plist */ = {isa = PBXFileReference; lastKnownFileType = text.plist.xml; path = Info.plist; sourceTree = "<group>"; };
		408A39121B36380A001C37BA /* ShipbitTests.xctest */ = {isa = PBXFileReference; explicitFileType = wrapper.cfbundle; includeInIndex = 0; path = ShipbitTests.xctest; sourceTree = BUILT_PRODUCTS_DIR; };
		408A39161B36380A001C37BA /* ShipbitTests.swift */ = {isa = PBXFileReference; lastKnownFileType = sourcecode.swift; path = ShipbitTests.swift; sourceTree = "<group>"; };
		408A39181B36380A001C37BA /* Info.plist */ = {isa = PBXFileReference; lastKnownFileType = text.plist.xml; path = Info.plist; sourceTree = "<group>"; };
		408A391D1B36380A001C37BA /* ShipbitUITests.xctest */ = {isa = PBXFileReference; explicitFileType = wrapper.cfbundle; includeInIndex = 0; path = ShipbitUITests.xctest; sourceTree = BUILT_PRODUCTS_DIR; };
		408A39211B36380A001C37BA /* ShipbitUITests.swift */ = {isa = PBXFileReference; lastKnownFileType = sourcecode.swift; path = ShipbitUITests.swift; sourceTree = "<group>"; };
		408A39231B36380A001C37BA /* Info.plist */ = {isa = PBXFileReference; lastKnownFileType = text.plist.xml; path = Info.plist; sourceTree = "<group>"; };
/* End PBXFileReference section */

/* Begin PBXFrameworksBuildPhase section */
		408A38FB1B36380A001C37BA /* Frameworks */ = {
			isa = PBXFrameworksBuildPhase;
			buildActionMask = 2147483647;
			files = (
			);
			runOnlyForDeploymentPostprocessing = 0;
		};
		408A390F1B36380A001C37BA /* Frameworks */ = {
			isa = PBXFrameworksBuildPhase;
			buildActionMask = 2147483647;
			files = (
			);
			runOnlyForDeploymentPostprocessing = 0;
		};
		408A391A1B36380A001C37BA /* Frameworks */ = {
			isa = PBXFrameworksBuildPhase;
			buildActionMask = 2147483647;
			files = (
			);
			runOnlyForDeploymentPostprocessing = 0;
		};
/* End PBXFrameworksBuildPhase section */

/* Begin PBXGroup section */
		408A38F51B36380A001C37BA = {
			isa = PBXGroup;
			children = (
				408A39001B36380A001C37BA /* Shipbit */,
				408A39151B36380A001C37BA /* ShipbitTests */,
				408A39201B36380A001C37BA /* ShipbitUITests */,
				408A38FF1B36380A001C37BA /* Products */,
			);
			sourceTree = "<group>";
		};
		408A38FF1B36380A001C37BA /* Products */ = {
			isa = PBXGroup;
			children = (
				408A38FE1B36380A001C37BA /* Shipbit.app */,
				408A39121B36380A001C37BA /* ShipbitTests.xctest */,
				408A391D1B36380A001C37BA /* ShipbitUITests.xctest */,
			);
			name = Products;
			sourceTree = "<group>";
		};
		408A39001B36380A001C37BA /* Shipbit */ = {
			isa = PBXGroup;
			children = (
				408A39011B36380A001C37BA /* AppDelegate.swift */,
				408A39031B36380A001C37BA /* ViewController.swift */,
				408A39051B36380A001C37BA /* Main.storyboard */,
				408A39081B36380A001C37BA /* Assets.xcassets */,
				408A390A1B36380A001C37BA /* LaunchScreen.storyboard */,
				408A390D1B36380A001C37BA /* Info.plist */,
			);
			path = Shipbit;
			sourceTree = "<group>";
		};
		408A39151B36380A001C37BA /* ShipbitTests */ = {
			isa = PBXGroup;
			children = (
				408A39161B36380A001C37BA /* ShipbitTests.swift */,
				408A39181B36380A001C37BA /* Info.plist */,
			);
			path = ShipbitTests;
			sourceTree = "<group>";
		};
		408A39201B36380A001C37BA /* ShipbitUITests */ = {
			isa = PBXGroup;
			children = (
				408A39211B36380A001C37BA /* ShipbitUITests.swift */,
				408A39231B36380A001C37BA /* Info.plist */,
			);
			path = ShipbitUITests;
			sourceTree = "<group>";
		};
/* End PBXGroup section */

/* Begin PBXNativeTarget section */
		408A38FD1B36380A001C37BA /* Shipbit */ = {
			isa = PBXNativeTarget;
			buildConfigurationList = 408A39261B36380A001C37BA /* Build configuration list for PBXNativeTarget "Shipbit" */;
			buildPhases = (
				408A38FA1B36380A001C37BA /* Sources */,
				408A38FB1B36380A001C37BA /* Frameworks */,
				408A38FC1B36380A001C37BA /* Resources */,
			);
			buildRules = (
			);
			dependencies = (
			);
			name = Shipbit;
			productName = Shipbit;
			productReference = 408A38FE1B36380A001C37BA /* Shipbit.app */;
			productType = "com.apple.product-type.application";
		};
		408A39111B36380A001C37BA /* ShipbitTests */ = {
			isa = PBXNativeTarget;
			buildConfigurationList = 408A39291B36380A001C37BA /* Build configuration list for PBXNativeTarget "ShipbitTests" */;
			buildPhases = (
				408A390E1B36380A001C37BA /* Sources */,
				408A390F1B36380A001C37BA /* Frameworks */,
				408A39101B36380A001C37BA /* Resources */,
			);
			buildRules = (
			);
			dependencies = (
				408A39141B36380A001C37BA /* PBXTargetDependency */,
			);
			name = ShipbitTests;
			productName = ShipbitTests;
			productReference = 408A39121B36380A001C37BA /* ShipbitTests.xctest */;
			productType = "com.apple.product-type.bundle.unit-test";
		};
		408A391C1B36380A001C37BA /* ShipbitUITests */ = {
			isa = PBXNativeTarget;
			buildConfigurationList = 408A392C1B36380A001C37BA /* Build configuration list for PBXNativeTarget "ShipbitUITests" */;
			buildPhases = (
				408A39191B36380A001C37BA /* Sources */,
				408A391A1B36380A001C37BA /* Frameworks */,
				408A391B1B36380A001C37BA /* Resources */,
			);
			buildRules = (
			);
			dependencies = (
				408A391F1B36380A001C37BA /* PBXTargetDependency */,
			);
			name = ShipbitUITests;
			productName = ShipbitUITests;
			productReference = 408A391D1B36380A001C37BA /* ShipbitUITests.xctest */;
			productType = "com.apple.product-type.bundle.ui-testing";
		};
/* End PBXNativeTarget section */

/* Begin PBXProject section */
		408A38F61B36380A001C37BA /* Project object */ = {
			isa = PBXProject;
			attributes = {
				LastUpgradeCheck = 0700;
				ORGANIZATIONNAME = "Patrick Mick";
				TargetAttributes = {
					408A38FD1B36380A001C37BA = {
						CreatedOnToolsVersion = 7.0;
					};
					408A39111B36380A001C37BA = {
						CreatedOnToolsVersion = 7.0;
						TestTargetID = 408A38FD1B36380A001C37BA;
					};
					408A391C1B36380A001C37BA = {
						CreatedOnToolsVersion = 7.0;
						TestTargetID = 408A38FD1B36380A001C37BA;
					};
				};
			};
			buildConfigurationList = 408A38F91B36380A001C37BA /* Build configuration list for PBXProject "Shipbit" */;
			compatibilityVersion = "Xcode 3.2";
			developmentRegion = English;
			hasScannedForEncodings = 0;
			knownRegions = (
				en,
				Base,
			);
			mainGroup = 408A38F51B36380A001C37BA;
			productRefGroup = 408A38FF1B36380A001C37BA /* Products */;
			projectDirPath = "";
			projectRoot = "";
			targets = (
				408A38FD1B36380A001C37BA /* Shipbit */,
				408A39111B36380A001C37BA /* ShipbitTests */,
				408A391C1B36380A001C37BA /* ShipbitUITests */,
			);
		};
/* End PBXProject section */

/* Begin PBXResourcesBuildPhase section */
		408A38FC1B36380A001C37BA /* Resources */ = {
			isa = PBXResourcesBuildPhase;
			buildActionMask = 2147483647;
			files = (
				408A390C1B36380A001C37BA /* LaunchScreen.storyboard in Resources */,
				408A39091B36380A001C37BA /* Assets.xcassets in Resources */,
				408A39071B36380A001C37BA /* Main.storyboard in Resources */,
			);
			runOnlyForDeploymentPostprocessing = 0;
		};
		408A39101B36380A001C37BA /* Resources */ = {
			isa = PBXResourcesBuildPhase;
			buildActionMask = 2147483647;
			files = (
			);
			runOnlyForDeploymentPostprocessing = 0;
		};
		408A391B1B36380A001C37BA /* Resources */ = {
			isa = PBXResourcesBuildPhase;
			buildActionMask = 2147483647;
			files = (
			);
			runOnlyForDeploymentPostprocessing = 0;
		};
/* End PBXResourcesBuildPhase section */

/* Begin PBXSourcesBuildPhase section */
		408A38FA1B36380A001C37BA /* Sources */ = {
			isa = PBXSourcesBuildPhase;
			buildActionMask = 2147483647;
			files = (
				408A39041B36380A001C37BA /* ViewController.swift in Sources */,
				408A39021B36380A001C37BA /* AppDelegate.swift in Sources */,
			);
			runOnlyForDeploymentPostprocessing = 0;
		};
		408A390E1B36380A001C37BA /* Sources */ = {
			isa = PBXSourcesBuildPhase;
			buildActionMask = 2147483647;
			files = (
				408A39171B36380A001C37BA /* ShipbitTests.swift in Sources */,
			);
			runOnlyForDeploymentPostprocessing = 0;
		};
		408A39191B36380A001C37BA /* Sources */ = {
			isa = PBXSourcesBuildPhase;
			buildActionMask = 2147483647;
			files = (
				408A39221B36380A001C37BA /* ShipbitUITests.swift in Sources */,
			);
			runOnlyForDeploymentPostprocessing = 0;
		};
/* End PBXSourcesBuildPhase section */

/* Begin PBXTargetDependency section */
		408A39141B36380A001C37BA /* PBXTargetDependency */ = {
			isa = PBXTargetDependency;
			target = 408A38FD1B36380A001C37BA /* Shipbit */;
			targetProxy = 408A39131B36380A001C37BA /* PBXContainerItemProxy */;
		};
		408A391F1B36380A001C37BA /* PBXTargetDependency */ = {
			isa = PBXTargetDependency;
			target = 408A38FD1B36380A001C37BA /* Shipbit */;
			targetProxy = 408A391E1B36380A001C37BA /* PBXContainerItemProxy */;
		};
/* End PBXTargetDependency section */

/* Begin PBXVariantGroup section */
		408A39051B36380A001C37BA /* Main.storyboard */ = {
			isa = PBXVariantGroup;
			children = (
				408A39061B36380A001C37BA /* Base */,
			);
			name = Main.storyboard;
			sourceTree = "<group>";
		};
		408A390A1B36380A001C37BA /* LaunchScreen.storyboard */ = {
			isa = PBXVariantGroup;
			children = (
				408A390B1B36380A001C37BA /* Base */,
			);
			name = LaunchScreen.storyboard;
			sourceTree = "<group>";
		};
/* End PBXVariantGroup section */

/* Begin XCBuildConfiguration section */
		408A39241B36380A001C37BA /* Debug */ = {
			isa = XCBuildConfiguration;
			buildSettings = {
				ALWAYS_SEARCH_USER_PATHS = NO;
				CLANG_CXX_LANGUAGE_STANDARD = "gnu++0x";
				CLANG_CXX_LIBRARY = "libc++";
				CLANG_ENABLE_MODULES = YES;
				CLANG_ENABLE_OBJC_ARC = YES;
				CLANG_WARN_BOOL_CONVERSION = YES;
				CLANG_WARN_CONSTANT_CONVERSION = YES;
				CLANG_WARN_DIRECT_OBJC_ISA_USAGE = YES_ERROR;
				CLANG_WARN_EMPTY_BODY = YES;
				CLANG_WARN_ENUM_CONVERSION = YES;
				CLANG_WARN_INT_CONVERSION = YES;
				CLANG_WARN_OBJC_ROOT_CLASS = YES_ERROR;
				CLANG_WARN_UNREACHABLE_CODE = YES;
				CLANG_WARN__DUPLICATE_METHOD_MATCH = YES;
				"CODE_SIGN_IDENTITY[sdk=iphoneos*]" = "iPhone Developer";
				COPY_PHASE_STRIP = NO;
				DEBUG_INFORMATION_FORMAT = dwarf;
				ENABLE_STRICT_OBJC_MSGSEND = YES;
				ENABLE_TESTABILITY = YES;
				GCC_C_LANGUAGE_STANDARD = gnu99;
				GCC_DYNAMIC_NO_PIC = NO;
				GCC_NO_COMMON_BLOCKS = YES;
				GCC_OPTIMIZATION_LEVEL = 0;
				GCC_PREPROCESSOR_DEFINITIONS = (
					"DEBUG=1",
					"$(inherited)",
				);
				GCC_WARN_64_TO_32_BIT_CONVERSION = YES;
				GCC_WARN_ABOUT_RETURN_TYPE = YES_ERROR;
				GCC_WARN_UNDECLARED_SELECTOR = YES;
				GCC_WARN_UNINITIALIZED_AUTOS = YES_AGGRESSIVE;
				GCC_WARN_UNUSED_FUNCTION = YES;
				GCC_WARN_UNUSED_VARIABLE = YES;
				IPHONEOS_DEPLOYMENT_TARGET = 9.0;
				MTL_ENABLE_DEBUG_INFO = YES;
				ONLY_ACTIVE_ARCH = YES;
				SDKROOT = iphoneos;
				SWIFT_OPTIMIZATION_LEVEL = "-Onone";
				TARGETED_DEVICE_FAMILY = "1,2";
			};
			name = Debug;
		};
		408A39251B36380A001C37BA /* Release */ = {
			isa = XCBuildConfiguration;
			buildSettings = {
				ALWAYS_SEARCH_USER_PATHS = NO;
				CLANG_CXX_LANGUAGE_STANDARD = "gnu++0x";
				CLANG_CXX_LIBRARY = "libc++";
				CLANG_ENABLE_MODULES = YES;
				CLANG_ENABLE_OBJC_ARC = YES;
				CLANG_WARN_BOOL_CONVERSION = YES;
				CLANG_WARN_CONSTANT_CONVERSION = YES;
				CLANG_WARN_DIRECT_OBJC_ISA_USAGE = YES_ERROR;
				CLANG_WARN_EMPTY_BODY = YES;
				CLANG_WARN_ENUM_CONVERSION = YES;
				CLANG_WARN_INT_CONVERSION = YES;
				CLANG_WARN_OBJC_ROOT_CLASS = YES_ERROR;
				CLANG_WARN_UNREACHABLE_CODE = YES;
				CLANG_WARN__DUPLICATE_METHOD_MATCH = YES;
				"CODE_SIGN_IDENTITY[sdk=iphoneos*]" = "iPhone Developer";
				COPY_PHASE_STRIP = NO;
				DEBUG_INFORMATION_FORMAT = "dwarf-with-dsym";
				ENABLE_NS_ASSERTIONS = NO;
				ENABLE_STRICT_OBJC_MSGSEND = YES;
				GCC_C_LANGUAGE_STANDARD = gnu99;
				GCC_NO_COMMON_BLOCKS = YES;
				GCC_WARN_64_TO_32_BIT_CONVERSION = YES;
				GCC_WARN_ABOUT_RETURN_TYPE = YES_ERROR;
				GCC_WARN_UNDECLARED_SELECTOR = YES;
				GCC_WARN_UNINITIALIZED_AUTOS = YES_AGGRESSIVE;
				GCC_WARN_UNUSED_FUNCTION = YES;
				GCC_WARN_UNUSED_VARIABLE = YES;
				IPHONEOS_DEPLOYMENT_TARGET = 9.0;
				MTL_ENABLE_DEBUG_INFO = NO;
				SDKROOT = iphoneos;
				TARGETED_DEVICE_FAMILY = "1,2";
				VALIDATE_PRODUCT = YES;
			};
			name = Release;
		};
		408A39271B36380A001C37BA /* Debug */ = {
			isa = XCBuildConfiguration;
			buildSettings = {
				ASSETCATALOG_COMPILER_APPICON_NAME = AppIcon;
				INFOPLIST_FILE = Shipbit/Info.plist;
				LD_RUNPATH_SEARCH_PATHS = "$(inherited) @executable_path/Frameworks";
				PRODUCT_BUNDLE_IDENTIFIER = com.patrickmick.Shipbit;
				PRODUCT_NAME = "$(TARGET_NAME)";
			};
			name = Debug;
		};
		408A39281B36380A001C37BA /* Release */ = {
			isa = XCBuildConfiguration;
			buildSettings = {
				ASSETCATALOG_COMPILER_APPICON_NAME = AppIcon;
				INFOPLIST_FILE = Shipbit/Info.plist;
				LD_RUNPATH_SEARCH_PATHS = "$(inherited) @executable_path/Frameworks";
				PRODUCT_BUNDLE_IDENTIFIER = com.patrickmick.Shipbit;
				PRODUCT_NAME = "$(TARGET_NAME)";
			};
			name = Release;
		};
		408A392A1B36380A001C37BA /* Debug */ = {
			isa = XCBuildConfiguration;
			buildSettings = {
				BUNDLE_LOADER = "$(TEST_HOST)";
				INFOPLIST_FILE = ShipbitTests/Info.plist;
				LD_RUNPATH_SEARCH_PATHS = "$(inherited) @executable_path/Frameworks @loader_path/Frameworks";
				PRODUCT_BUNDLE_IDENTIFIER = com.patrickmick.ShipbitTests;
				PRODUCT_NAME = "$(TARGET_NAME)";
				TEST_HOST = "$(BUILT_PRODUCTS_DIR)/Shipbit.app/Shipbit";
			};
			name = Debug;
		};
		408A392B1B36380A001C37BA /* Release */ = {
			isa = XCBuildConfiguration;
			buildSettings = {
				BUNDLE_LOADER = "$(TEST_HOST)";
				INFOPLIST_FILE = ShipbitTests/Info.plist;
				LD_RUNPATH_SEARCH_PATHS = "$(inherited) @executable_path/Frameworks @loader_path/Frameworks";
				PRODUCT_BUNDLE_IDENTIFIER = com.patrickmick.ShipbitTests;
				PRODUCT_NAME = "$(TARGET_NAME)";
				TEST_HOST = "$(BUILT_PRODUCTS_DIR)/Shipbit.app/Shipbit";
			};
			name = Release;
		};
		408A392D1B36380A001C37BA /* Debug */ = {
			isa = XCBuildConfiguration;
			buildSettings = {
				INFOPLIST_FILE = ShipbitUITests/Info.plist;
				LD_RUNPATH_SEARCH_PATHS = "$(inherited) @executable_path/Frameworks @loader_path/Frameworks";
				PRODUCT_BUNDLE_IDENTIFIER = com.patrickmick.ShipbitUITests;
				PRODUCT_NAME = "$(TARGET_NAME)";
				TEST_TARGET_NAME = Shipbit;
				USES_XCTRUNNER = YES;
			};
			name = Debug;
		};
		408A392E1B36380A001C37BA /* Release */ = {
			isa = XCBuildConfiguration;
			buildSettings = {
				INFOPLIST_FILE = ShipbitUITests/Info.plist;
				LD_RUNPATH_SEARCH_PATHS = "$(inherited) @executable_path/Frameworks @loader_path/Frameworks";
				PRODUCT_BUNDLE_IDENTIFIER = com.patrickmick.ShipbitUITests;
				PRODUCT_NAME = "$(TARGET_NAME)";
				TEST_TARGET_NAME = Shipbit;
				USES_XCTRUNNER = YES;
			};
			name = Release;
		};
/* End XCBuildConfiguration section */

/* Begin XCConfigurationList section */
		408A38F91B36380A001C37BA /* Build configuration list for PBXProject "Shipbit" */ = {
			isa = XCConfigurationList;
			buildConfigurations = (
				408A39241B36380A001C37BA /* Debug */,
				408A39251B36380A001C37BA /* Release */,
			);
			defaultConfigurationIsVisible = 0;
			defaultConfigurationName = Release;
		};
		408A39261B36380A001C37BA /* Build configuration list for PBXNativeTarget "Shipbit" */ = {
			isa = XCConfigurationList;
			buildConfigurations = (
				408A39271B36380A001C37BA /* Debug */,
				408A39281B36380A001C37BA /* Release */,
			);
			defaultConfigurationIsVisible = 0;
			defaultConfigurationName = Release;
		};
		408A39291B36380A001C37BA /* Build configuration list for PBXNativeTarget "ShipbitTests" */ = {
			isa = XCConfigurationList;
			buildConfigurations = (
				408A392A1B36380A001C37BA /* Debug */,
				408A392B1B36380A001C37BA /* Release */,
			);
			defaultConfigurationIsVisible = 0;
			defaultConfigurationName = Release;
		};
		408A392C1B36380A001C37BA /* Build configuration list for PBXNativeTarget "ShipbitUITests" */ = {
			isa = XCConfigurationList;
			buildConfigurations = (
				408A392D1B36380A001C37BA /* Debug */,
				408A392E1B36380A001C37BA /* Release */,
			);
			defaultConfigurationIsVisible = 0;
			defaultConfigurationName = Release;
		};
/* End XCConfigurationList section */
	};
	rootObject = 408A38F61B36380A001C37BA /* Project object */;
}
