// !$*UTF8*$!
{
	archiveVersion = 1;
	classes = {
	};
	objectVersion = 46;
	objects = {

/* Begin PBXBuildFile section */
		0F011036172DA19D003BAFF6 /* JASidePanelController.m in Sources */ = {isa = PBXBuildFile; fileRef = 0F01102B172DA19D003BAFF6 /* JASidePanelController.m */; settings = {COMPILER_FLAGS = "-w"; }; };
		0F011037172DA19D003BAFF6 /* UIViewController+JASidePanel.m in Sources */ = {isa = PBXBuildFile; fileRef = 0F01102D172DA19D003BAFF6 /* UIViewController+JASidePanel.m */; settings = {COMPILER_FLAGS = "-w"; }; };
		0F011039172DA668003BAFF6 /* QuartzCore.framework in Frameworks */ = {isa = PBXBuildFile; fileRef = 0F011038172DA668003BAFF6 /* QuartzCore.framework */; };
		0F01894A1753487D00907553 /* searchbarBackground@2x.png in Resources */ = {isa = PBXBuildFile; fileRef = 0F0189471753487D00907553 /* searchbarBackground@2x.png */; };
		0F01894B1753487D00907553 /* searchbarIcon@2x.png in Resources */ = {isa = PBXBuildFile; fileRef = 0F0189481753487D00907553 /* searchbarIcon@2x.png */; };
		0F01894C1753487D00907553 /* searchFieldBackground@2x.png in Resources */ = {isa = PBXBuildFile; fileRef = 0F0189491753487D00907553 /* searchFieldBackground@2x.png */; };
		0F01894F17534AA800907553 /* cancelButton@2x.png in Resources */ = {isa = PBXBuildFile; fileRef = 0F01894D17534AA800907553 /* cancelButton@2x.png */; };
		0F01895017534AA800907553 /* searchingFieldBackground@2x.png in Resources */ = {isa = PBXBuildFile; fileRef = 0F01894E17534AA800907553 /* searchingFieldBackground@2x.png */; };
		0F0189551753515A00907553 /* circle_border_light@2x.png in Resources */ = {isa = PBXBuildFile; fileRef = 0F0189531753515700907553 /* circle_border_light@2x.png */; };
		0F0189561753515A00907553 /* highlight_circle@2x.png in Resources */ = {isa = PBXBuildFile; fileRef = 0F0189541753515800907553 /* highlight_circle@2x.png */; };
		0F0189581753519800907553 /* placeholder@2x.png in Resources */ = {isa = PBXBuildFile; fileRef = 0F0189571753519700907553 /* placeholder@2x.png */; };
		0F26DA4E1755E4A00044CDA1 /* searchCancelButton@2x.png in Resources */ = {isa = PBXBuildFile; fileRef = 0F26DA4D1755E49F0044CDA1 /* searchCancelButton@2x.png */; };
		0F26DA501755E4A30044CDA1 /* searchCancelButtonPressed@2x.png in Resources */ = {isa = PBXBuildFile; fileRef = 0F26DA4F1755E4A30044CDA1 /* searchCancelButtonPressed@2x.png */; };
		0F2BBA5B175462E4006B85F1 /* tellFriendsPressed@2x.png in Resources */ = {isa = PBXBuildFile; fileRef = 0F2BBA59175462E4006B85F1 /* tellFriendsPressed@2x.png */; };
		0F2BBA5C175462E4006B85F1 /* tellFriends@2x.png in Resources */ = {isa = PBXBuildFile; fileRef = 0F2BBA5A175462E4006B85F1 /* tellFriends@2x.png */; };
		0F2BBA5E1754676C006B85F1 /* doneButtonBackgroundImage@2x.png in Resources */ = {isa = PBXBuildFile; fileRef = 0F2BBA5D1754676C006B85F1 /* doneButtonBackgroundImage@2x.png */; };
		0F2BBA6017546851006B85F1 /* doneButtonBackgroundImagePressed@2x.png in Resources */ = {isa = PBXBuildFile; fileRef = 0F2BBA5F17546850006B85F1 /* doneButtonBackgroundImagePressed@2x.png */; };
		0F4901D217543C3A004BC051 /* editDoneButtonPressed@2x.png in Resources */ = {isa = PBXBuildFile; fileRef = 0F4901CE17543C37004BC051 /* editDoneButtonPressed@2x.png */; };
		0F4901D317543C3A004BC051 /* editButton@2x.png in Resources */ = {isa = PBXBuildFile; fileRef = 0F4901CF17543C37004BC051 /* editButton@2x.png */; };
		0F4901D417543C3A004BC051 /* editButtonPressed.png in Resources */ = {isa = PBXBuildFile; fileRef = 0F4901D017543C38004BC051 /* editButtonPressed.png */; };
		0F4901D517543C3A004BC051 /* editDoneButton@2x.png in Resources */ = {isa = PBXBuildFile; fileRef = 0F4901D117543C39004BC051 /* editDoneButton@2x.png */; };
		0F4EFFD317330AFD00B3B0F0 /* XCodeConsoleLogFormatter.m in Sources */ = {isa = PBXBuildFile; fileRef = 0F4EFFD217330AFD00B3B0F0 /* XCodeConsoleLogFormatter.m */; };
		0F5031D317401C7600884007 /* SystemConfiguration.framework in Frameworks */ = {isa = PBXBuildFile; fileRef = B9B7E4C216AC55D700FFC031 /* SystemConfiguration.framework */; };
		0F51F3FE1741A867003BE3F9 /* UIImage+Extras.m in Sources */ = {isa = PBXBuildFile; fileRef = 0F51F3FD1741A867003BE3F9 /* UIImage+Extras.m */; };
		0F551F3217507033008C6290 /* disclosureArrow@2x.png in Resources */ = {isa = PBXBuildFile; fileRef = 0F551F3117507033008C6290 /* disclosureArrow@2x.png */; };
		0F551F34175075A0008C6290 /* disclosureArrow_highlight@2x.png in Resources */ = {isa = PBXBuildFile; fileRef = 0F551F33175075A0008C6290 /* disclosureArrow_highlight@2x.png */; };
		0F6DC19317514A420071978C /* UIColor+Extras.m in Sources */ = {isa = PBXBuildFile; fileRef = 0F6DC19217514A420071978C /* UIColor+Extras.m */; };
		0F6DC1A0175155C10071978C /* SBLeftNavCell.m in Sources */ = {isa = PBXBuildFile; fileRef = 0F6DC19F175155C10071978C /* SBLeftNavCell.m */; };
		0F797268174C7A7900095979 /* backButton@2x.png in Resources */ = {isa = PBXBuildFile; fileRef = 0F797267174C7A7900095979 /* backButton@2x.png */; };
		0F7DA9BD174D889100E7814E /* SBInfoView.m in Sources */ = {isa = PBXBuildFile; fileRef = 0F7DA9BC174D889100E7814E /* SBInfoView.m */; };
		0F7DA9C0174D92F100E7814E /* SBRatingView.m in Sources */ = {isa = PBXBuildFile; fileRef = 0F7DA9BF174D92F100E7814E /* SBRatingView.m */; };
		0F8C1CC0175178C3003CB01C /* leftNavShippedImage@2x.png in Resources */ = {isa = PBXBuildFile; fileRef = 0F8C1CBC175178C3003CB01C /* leftNavShippedImage@2x.png */; };
		0F8C1CC1175178C3003CB01C /* leftNavSearchImage@2x.png in Resources */ = {isa = PBXBuildFile; fileRef = 0F8C1CBD175178C3003CB01C /* leftNavSearchImage@2x.png */; };
		0F8C1CC2175178C3003CB01C /* leftNavWatchlistImage@2x.png in Resources */ = {isa = PBXBuildFile; fileRef = 0F8C1CBE175178C3003CB01C /* leftNavWatchlistImage@2x.png */; };
		0F8C1CC3175178C3003CB01C /* leftNavUpcomingImage@2x.png in Resources */ = {isa = PBXBuildFile; fileRef = 0F8C1CBF175178C3003CB01C /* leftNavUpcomingImage@2x.png */; };
		0F8C1CC517517941003CB01C /* leftNavLogoImage@2x.png in Resources */ = {isa = PBXBuildFile; fileRef = 0F8C1CC417517941003CB01C /* leftNavLogoImage@2x.png */; };
		0F9395AD1727310800ED7D76 /* SDWebImage.framework in Frameworks */ = {isa = PBXBuildFile; fileRef = 0F9395AC1727310800ED7D76 /* SDWebImage.framework */; };
		0F9395AF1727315700ED7D76 /* ImageIO.framework in Frameworks */ = {isa = PBXBuildFile; fileRef = 0F9395AE1727315700ED7D76 /* ImageIO.framework */; };
		0F94536A175D84C900A16FA3 /* libTestFlight.a in Frameworks */ = {isa = PBXBuildFile; fileRef = 0F945366175D84C900A16FA3 /* libTestFlight.a */; };
		0F94536B175D84CA00A16FA3 /* README.md in Resources */ = {isa = PBXBuildFile; fileRef = 0F945367175D84C900A16FA3 /* README.md */; };
		0F94536C175D84CA00A16FA3 /* release_notes.md in Resources */ = {isa = PBXBuildFile; fileRef = 0F945368175D84C900A16FA3 /* release_notes.md */; };
		0F94536E175D84FC00A16FA3 /* libz.dylib in Frameworks */ = {isa = PBXBuildFile; fileRef = 0F94536D175D84FC00A16FA3 /* libz.dylib */; };
		0F9FA2AF175459B4007BCA44 /* navButtonBack@2x.png in Resources */ = {isa = PBXBuildFile; fileRef = 0F9FA2AE175459B4007BCA44 /* navButtonBack@2x.png */; };
		0F9FA2B117545EC4007BCA44 /* navButtonBackSelected@2x.png in Resources */ = {isa = PBXBuildFile; fileRef = 0F9FA2B017545EC4007BCA44 /* navButtonBackSelected@2x.png */; };
		0F9FFD9A17372CB70030DB95 /* SBReleasedViewController.m in Sources */ = {isa = PBXBuildFile; fileRef = 0F9FFD9917372CB70030DB95 /* SBReleasedViewController.m */; };
		0FA028A3172DCB830018CB42 /* SBLeftSideNavViewController.m in Sources */ = {isa = PBXBuildFile; fileRef = 0FA028A2172DCB830018CB42 /* SBLeftSideNavViewController.m */; };
		0FB3C4B11749BD9B00B5EEB6 /* Default-568h@2x.png in Resources */ = {isa = PBXBuildFile; fileRef = 0FB3C4B01749BD9B00B5EEB6 /* Default-568h@2x.png */; };
		0FB3C4B41749DB8400B5EEB6 /* SBGameDetailHeaderView.m in Sources */ = {isa = PBXBuildFile; fileRef = 0FB3C4B31749DB8400B5EEB6 /* SBGameDetailHeaderView.m */; };
		0FB3C4B71749E5F100B5EEB6 /* SBGameDetailViewController.m in Sources */ = {isa = PBXBuildFile; fileRef = 0FB3C4B61749E5F100B5EEB6 /* SBGameDetailViewController.m */; };
		0FB3C4BE1749F50A00B5EEB6 /* SDSegmentedControl.m in Sources */ = {isa = PBXBuildFile; fileRef = 0FB3C4BD1749F50A00B5EEB6 /* SDSegmentedControl.m */; settings = {COMPILER_FLAGS = "-w"; }; };
		0FB5323C1738250F006F91FD /* SBUpcomingViewController.m in Sources */ = {isa = PBXBuildFile; fileRef = 0FB5323B1738250F006F91FD /* SBUpcomingViewController.m */; };
		0FB795AD174D78DF0087FB10 /* SBSummaryView.m in Sources */ = {isa = PBXBuildFile; fileRef = 0FB795AC174D78DF0087FB10 /* SBSummaryView.m */; };
		0FB823BC17486AB50033C597 /* navbar-background_old@2x.png in Resources */ = {isa = PBXBuildFile; fileRef = 0FB823BB17486AB50033C597 /* navbar-background_old@2x.png */; };
		0FB823BE174877A70033C597 /* tablviewSectionHeader@2x.png in Resources */ = {isa = PBXBuildFile; fileRef = 0FB823BD174877A70033C597 /* tablviewSectionHeader@2x.png */; };
		0FB823C417488BC10033C597 /* navBarLeftButton@2x.png in Resources */ = {isa = PBXBuildFile; fileRef = 0FB823C317488BC10033C597 /* navBarLeftButton@2x.png */; };
		0FB823C617488D7A0033C597 /* navBarRightButton@2x.png in Resources */ = {isa = PBXBuildFile; fileRef = 0FB823C517488D7A0033C597 /* navBarRightButton@2x.png */; };
		0FBA1D1D175F1F7900A8A4D7 /* liked@2x.png in Resources */ = {isa = PBXBuildFile; fileRef = 0FBA1D19175F1F7900A8A4D7 /* liked@2x.png */; };
		0FBA1D1E175F1F7900A8A4D7 /* like@2x.png in Resources */ = {isa = PBXBuildFile; fileRef = 0FBA1D1A175F1F7900A8A4D7 /* like@2x.png */; };
		0FBA1D1F175F1F7900A8A4D7 /* watch@2x.png in Resources */ = {isa = PBXBuildFile; fileRef = 0FBA1D1B175F1F7900A8A4D7 /* watch@2x.png */; };
		0FBA1D20175F1F7900A8A4D7 /* watched@2x.png in Resources */ = {isa = PBXBuildFile; fileRef = 0FBA1D1C175F1F7900A8A4D7 /* watched@2x.png */; };
		0FC167C71726075F0019304D /* AFHTTPClient.m in Sources */ = {isa = PBXBuildFile; fileRef = 0FC167B51726075F0019304D /* AFHTTPClient.m */; settings = {COMPILER_FLAGS = "-w"; }; };
		0FC167C81726075F0019304D /* AFHTTPRequestOperation.m in Sources */ = {isa = PBXBuildFile; fileRef = 0FC167B71726075F0019304D /* AFHTTPRequestOperation.m */; settings = {COMPILER_FLAGS = "-w"; }; };
		0FC167C91726075F0019304D /* AFImageRequestOperation.m in Sources */ = {isa = PBXBuildFile; fileRef = 0FC167B91726075F0019304D /* AFImageRequestOperation.m */; settings = {COMPILER_FLAGS = "-w"; }; };
		0FC167CA1726075F0019304D /* AFJSONRequestOperation.m in Sources */ = {isa = PBXBuildFile; fileRef = 0FC167BB1726075F0019304D /* AFJSONRequestOperation.m */; settings = {COMPILER_FLAGS = "-w"; }; };
		0FC167CB1726075F0019304D /* AFNetworkActivityIndicatorManager.m in Sources */ = {isa = PBXBuildFile; fileRef = 0FC167BD1726075F0019304D /* AFNetworkActivityIndicatorManager.m */; settings = {COMPILER_FLAGS = "-w"; }; };
		0FC167CC1726075F0019304D /* AFPropertyListRequestOperation.m in Sources */ = {isa = PBXBuildFile; fileRef = 0FC167C01726075F0019304D /* AFPropertyListRequestOperation.m */; settings = {COMPILER_FLAGS = "-w"; }; };
		0FC167CD1726075F0019304D /* AFURLConnectionOperation.m in Sources */ = {isa = PBXBuildFile; fileRef = 0FC167C21726075F0019304D /* AFURLConnectionOperation.m */; settings = {COMPILER_FLAGS = "-w"; }; };
		0FC167CE1726075F0019304D /* AFXMLRequestOperation.m in Sources */ = {isa = PBXBuildFile; fileRef = 0FC167C41726075F0019304D /* AFXMLRequestOperation.m */; settings = {COMPILER_FLAGS = "-w"; }; };
		0FC167CF1726075F0019304D /* UIImageView+AFNetworking.m in Sources */ = {isa = PBXBuildFile; fileRef = 0FC167C61726075F0019304D /* UIImageView+AFNetworking.m */; settings = {COMPILER_FLAGS = "-w"; }; };
		0FC811571759CF4400975145 /* MBProgressHUD.m in Sources */ = {isa = PBXBuildFile; fileRef = 0FC811561759CF4400975145 /* MBProgressHUD.m */; };
		0FC979E417532A450088F714 /* no_summary@2x.png in Resources */ = {isa = PBXBuildFile; fileRef = 0FC979E317532A450088F714 /* no_summary@2x.png */; };
		0FC979E6175331E90088F714 /* checkmark@2x.png in Resources */ = {isa = PBXBuildFile; fileRef = 0FC979E5175331E80088F714 /* checkmark@2x.png */; };
		0FCE36781755EB45004C9F04 /* likesImage@2x.png in Resources */ = {isa = PBXBuildFile; fileRef = 0FCE36771755EB44004C9F04 /* likesImage@2x.png */; };
		0FCE367C1755EB52004C9F04 /* readReviewsButton@2x.png in Resources */ = {isa = PBXBuildFile; fileRef = 0FCE36791755EB52004C9F04 /* readReviewsButton@2x.png */; };
		0FCE367D1755EB52004C9F04 /* readReviewsButtonPressed@2x.png in Resources */ = {isa = PBXBuildFile; fileRef = 0FCE367A1755EB52004C9F04 /* readReviewsButtonPressed@2x.png */; };
		0FCE367E1755EB52004C9F04 /* metacriticImage@2x.png in Resources */ = {isa = PBXBuildFile; fileRef = 0FCE367B1755EB52004C9F04 /* metacriticImage@2x.png */; };
		0FD0F103175048A600DE9AD5 /* navbar-background@2x.png in Resources */ = {isa = PBXBuildFile; fileRef = 0FD0F102175048A600DE9AD5 /* navbar-background@2x.png */; };
		0FD1F0E71738E3650053C61A /* 114.png in Resources */ = {isa = PBXBuildFile; fileRef = 0FD1F0E61738E3650053C61A /* 114.png */; };
		0FD1F0E91738E3C00053C61A /* 57.png in Resources */ = {isa = PBXBuildFile; fileRef = 0FD1F0E81738E3C00053C61A /* 57.png */; };
		0FD9465E1757078F00EEFAE5 /* NSDate+Utilities.m in Sources */ = {isa = PBXBuildFile; fileRef = 0FD9465D1757078F00EEFAE5 /* NSDate+Utilities.m */; };
		0FD9466017570BC700EEFAE5 /* stopwatchImage@2x.png in Resources */ = {isa = PBXBuildFile; fileRef = 0FD9465F17570BC700EEFAE5 /* stopwatchImage@2x.png */; };
		0FD946621757226700EEFAE5 /* stopwatchImageWhite@2x.png in Resources */ = {isa = PBXBuildFile; fileRef = 0FD946611757226700EEFAE5 /* stopwatchImageWhite@2x.png */; };
		0FD9466617572C0900EEFAE5 /* watchlist_unpopulated@2x.png in Resources */ = {isa = PBXBuildFile; fileRef = 0FD9466517572C0900EEFAE5 /* watchlist_unpopulated@2x.png */; };
		0FF0BCF61735B5D200B8FD68 /* Game.m in Sources */ = {isa = PBXBuildFile; fileRef = 0FF0BCF31735B5D200B8FD68 /* Game.m */; };
		0FF0BCF71735B5D200B8FD68 /* Platform.m in Sources */ = {isa = PBXBuildFile; fileRef = 0FF0BCF51735B5D200B8FD68 /* Platform.m */; };
		0FF0BCFC1735B5E600B8FD68 /* _Game.m in Sources */ = {isa = PBXBuildFile; fileRef = 0FF0BCF91735B5E600B8FD68 /* _Game.m */; };
		0FF0BCFD1735B5E600B8FD68 /* _Platform.m in Sources */ = {isa = PBXBuildFile; fileRef = 0FF0BCFB1735B5E600B8FD68 /* _Platform.m */; };
		0FF6EC6F1732531F00ABE4B8 /* DDAbstractDatabaseLogger.m in Sources */ = {isa = PBXBuildFile; fileRef = 0FF6EC601732531F00ABE4B8 /* DDAbstractDatabaseLogger.m */; settings = {COMPILER_FLAGS = "-w"; }; };
		0FF6EC701732531F00ABE4B8 /* DDASLLogger.m in Sources */ = {isa = PBXBuildFile; fileRef = 0FF6EC621732531F00ABE4B8 /* DDASLLogger.m */; settings = {COMPILER_FLAGS = "-w"; }; };
		0FF6EC711732531F00ABE4B8 /* DDFileLogger.m in Sources */ = {isa = PBXBuildFile; fileRef = 0FF6EC641732531F00ABE4B8 /* DDFileLogger.m */; settings = {COMPILER_FLAGS = "-w"; }; };
		0FF6EC721732531F00ABE4B8 /* DDLog.m in Sources */ = {isa = PBXBuildFile; fileRef = 0FF6EC661732531F00ABE4B8 /* DDLog.m */; settings = {COMPILER_FLAGS = "-w"; }; };
		0FF6EC731732531F00ABE4B8 /* DDTTYLogger.m in Sources */ = {isa = PBXBuildFile; fileRef = 0FF6EC681732531F00ABE4B8 /* DDTTYLogger.m */; settings = {COMPILER_FLAGS = "-w"; }; };
		0FF6EC741732531F00ABE4B8 /* ContextFilterLogFormatter.m in Sources */ = {isa = PBXBuildFile; fileRef = 0FF6EC6B1732531F00ABE4B8 /* ContextFilterLogFormatter.m */; };
		0FF6EC751732531F00ABE4B8 /* DispatchQueueLogFormatter.m in Sources */ = {isa = PBXBuildFile; fileRef = 0FF6EC6D1732531F00ABE4B8 /* DispatchQueueLogFormatter.m */; };
		0FF6EC761732531F00ABE4B8 /* README.txt in Resources */ = {isa = PBXBuildFile; fileRef = 0FF6EC6E1732531F00ABE4B8 /* README.txt */; };
		0FF83111175195B5003C8693 /* calendarIcon_highlight@2x.png in Resources */ = {isa = PBXBuildFile; fileRef = 0FF8310F175195B5003C8693 /* calendarIcon_highlight@2x.png */; };
		0FF83112175195B5003C8693 /* calendarIcon@2x.png in Resources */ = {isa = PBXBuildFile; fileRef = 0FF83110175195B5003C8693 /* calendarIcon@2x.png */; };
		0FF87D0417359BDC00DD7814 /* InfoPlist.strings in Resources */ = {isa = PBXBuildFile; fileRef = 0FF87CFB17359BDC00DD7814 /* InfoPlist.strings */; };
		0FF87D0517359BDC00DD7814 /* Localizable.strings in Resources */ = {isa = PBXBuildFile; fileRef = 0FF87CFD17359BDC00DD7814 /* Localizable.strings */; };
		B9951D2516B452F200502A24 /* SBFavoritesTableViewController.m in Sources */ = {isa = PBXBuildFile; fileRef = B9951D2416B452F200502A24 /* SBFavoritesTableViewController.m */; };
		B9B7E3F616AB15E800FFC031 /* UIKit.framework in Frameworks */ = {isa = PBXBuildFile; fileRef = B9B7E3F516AB15E800FFC031 /* UIKit.framework */; };
		B9B7E3F816AB15E800FFC031 /* Foundation.framework in Frameworks */ = {isa = PBXBuildFile; fileRef = B9B7E3F716AB15E800FFC031 /* Foundation.framework */; };
		B9B7E3FA16AB15E800FFC031 /* CoreGraphics.framework in Frameworks */ = {isa = PBXBuildFile; fileRef = B9B7E3F916AB15E800FFC031 /* CoreGraphics.framework */; };
		B9B7E40016AB15E800FFC031 /* InfoPlist.strings in Resources */ = {isa = PBXBuildFile; fileRef = B9B7E3FE16AB15E800FFC031 /* InfoPlist.strings */; };
		B9B7E40216AB15E800FFC031 /* main.m in Sources */ = {isa = PBXBuildFile; fileRef = B9B7E40116AB15E800FFC031 /* main.m */; };
		B9B7E40616AB15E800FFC031 /* SBAppDelegate.m in Sources */ = {isa = PBXBuildFile; fileRef = B9B7E40516AB15E800FFC031 /* SBAppDelegate.m */; };
		B9B7E4C516AC55EC00FFC031 /* MobileCoreServices.framework in Frameworks */ = {isa = PBXBuildFile; fileRef = B9B7E4C416AC55EC00FFC031 /* MobileCoreServices.framework */; };
		B9B7E4D316AC5B5100FFC031 /* CoreData.framework in Frameworks */ = {isa = PBXBuildFile; fileRef = B9B7E4D216AC5B5100FFC031 /* CoreData.framework */; };
		B9B7E4DA16AC5C7A00FFC031 /* SBAFParseAPIClient.m in Sources */ = {isa = PBXBuildFile; fileRef = B9B7E4D516AC5C7A00FFC031 /* SBAFParseAPIClient.m */; };
		B9B7E4DB16AC5C7A00FFC031 /* SBCoreDataController.m in Sources */ = {isa = PBXBuildFile; fileRef = B9B7E4D716AC5C7A00FFC031 /* SBCoreDataController.m */; };
		B9B7E4DC16AC5C7A00FFC031 /* SBSyncEngine.m in Sources */ = {isa = PBXBuildFile; fileRef = B9B7E4D916AC5C7A00FFC031 /* SBSyncEngine.m */; };
		B9B7E4DF16AC5C9B00FFC031 /* Shipbit.xcdatamodeld in Sources */ = {isa = PBXBuildFile; fileRef = B9B7E4DD16AC5C9B00FFC031 /* Shipbit.xcdatamodeld */; };
		B9B7E4E516AC5D3B00FFC031 /* SBGameCell.m in Sources */ = {isa = PBXBuildFile; fileRef = B9B7E4E416AC5D3B00FFC031 /* SBGameCell.m */; };
		B9D3E7C816D821A600C84F30 /* SBSearchTableViewController.m in Sources */ = {isa = PBXBuildFile; fileRef = B9D3E7C616D821A600C84F30 /* SBSearchTableViewController.m */; };
		B9D3E7C916D821A600C84F30 /* SBSearchTableViewController.xib in Resources */ = {isa = PBXBuildFile; fileRef = B9D3E7C716D821A600C84F30 /* SBSearchTableViewController.xib */; };
		B9D3E7CC16D8567200C84F30 /* SBPlatformsTableViewController.m in Sources */ = {isa = PBXBuildFile; fileRef = B9D3E7CB16D8567200C84F30 /* SBPlatformsTableViewController.m */; };
/* End PBXBuildFile section */

/* Begin PBXFileReference section */
		0F01102A172DA19D003BAFF6 /* JASidePanelController.h */ = {isa = PBXFileReference; fileEncoding = 4; lastKnownFileType = sourcecode.c.h; path = JASidePanelController.h; sourceTree = "<group>"; };
		0F01102B172DA19D003BAFF6 /* JASidePanelController.m */ = {isa = PBXFileReference; fileEncoding = 4; lastKnownFileType = sourcecode.c.objc; path = JASidePanelController.m; sourceTree = "<group>"; };
		0F01102C172DA19D003BAFF6 /* UIViewController+JASidePanel.h */ = {isa = PBXFileReference; fileEncoding = 4; lastKnownFileType = sourcecode.c.h; path = "UIViewController+JASidePanel.h"; sourceTree = "<group>"; };
		0F01102D172DA19D003BAFF6 /* UIViewController+JASidePanel.m */ = {isa = PBXFileReference; fileEncoding = 4; lastKnownFileType = sourcecode.c.objc; path = "UIViewController+JASidePanel.m"; sourceTree = "<group>"; };
		0F011038172DA668003BAFF6 /* QuartzCore.framework */ = {isa = PBXFileReference; lastKnownFileType = wrapper.framework; name = QuartzCore.framework; path = System/Library/Frameworks/QuartzCore.framework; sourceTree = SDKROOT; };
		0F0189471753487D00907553 /* searchbarBackground@2x.png */ = {isa = PBXFileReference; lastKnownFileType = image.png; path = "searchbarBackground@2x.png"; sourceTree = "<group>"; };
		0F0189481753487D00907553 /* searchbarIcon@2x.png */ = {isa = PBXFileReference; lastKnownFileType = image.png; path = "searchbarIcon@2x.png"; sourceTree = "<group>"; };
		0F0189491753487D00907553 /* searchFieldBackground@2x.png */ = {isa = PBXFileReference; lastKnownFileType = image.png; path = "searchFieldBackground@2x.png"; sourceTree = "<group>"; };
		0F01894D17534AA800907553 /* cancelButton@2x.png */ = {isa = PBXFileReference; lastKnownFileType = image.png; path = "cancelButton@2x.png"; sourceTree = "<group>"; };
		0F01894E17534AA800907553 /* searchingFieldBackground@2x.png */ = {isa = PBXFileReference; lastKnownFileType = image.png; path = "searchingFieldBackground@2x.png"; sourceTree = "<group>"; };
		0F0189531753515700907553 /* circle_border_light@2x.png */ = {isa = PBXFileReference; lastKnownFileType = image.png; path = "circle_border_light@2x.png"; sourceTree = "<group>"; };
		0F0189541753515800907553 /* highlight_circle@2x.png */ = {isa = PBXFileReference; lastKnownFileType = image.png; path = "highlight_circle@2x.png"; sourceTree = "<group>"; };
		0F0189571753519700907553 /* placeholder@2x.png */ = {isa = PBXFileReference; lastKnownFileType = image.png; path = "placeholder@2x.png"; sourceTree = "<group>"; };
		0F26DA4D1755E49F0044CDA1 /* searchCancelButton@2x.png */ = {isa = PBXFileReference; lastKnownFileType = image.png; path = "searchCancelButton@2x.png"; sourceTree = "<group>"; };
		0F26DA4F1755E4A30044CDA1 /* searchCancelButtonPressed@2x.png */ = {isa = PBXFileReference; lastKnownFileType = image.png; path = "searchCancelButtonPressed@2x.png"; sourceTree = "<group>"; };
		0F2BBA59175462E4006B85F1 /* tellFriendsPressed@2x.png */ = {isa = PBXFileReference; lastKnownFileType = image.png; path = "tellFriendsPressed@2x.png"; sourceTree = "<group>"; };
		0F2BBA5A175462E4006B85F1 /* tellFriends@2x.png */ = {isa = PBXFileReference; lastKnownFileType = image.png; path = "tellFriends@2x.png"; sourceTree = "<group>"; };
		0F2BBA5D1754676C006B85F1 /* doneButtonBackgroundImage@2x.png */ = {isa = PBXFileReference; lastKnownFileType = image.png; path = "doneButtonBackgroundImage@2x.png"; sourceTree = "<group>"; };
		0F2BBA5F17546850006B85F1 /* doneButtonBackgroundImagePressed@2x.png */ = {isa = PBXFileReference; lastKnownFileType = image.png; path = "doneButtonBackgroundImagePressed@2x.png"; sourceTree = "<group>"; };
		0F4901CE17543C37004BC051 /* editDoneButtonPressed@2x.png */ = {isa = PBXFileReference; lastKnownFileType = image.png; path = "editDoneButtonPressed@2x.png"; sourceTree = "<group>"; };
		0F4901CF17543C37004BC051 /* editButton@2x.png */ = {isa = PBXFileReference; lastKnownFileType = image.png; path = "editButton@2x.png"; sourceTree = "<group>"; };
		0F4901D017543C38004BC051 /* editButtonPressed.png */ = {isa = PBXFileReference; lastKnownFileType = image.png; path = editButtonPressed.png; sourceTree = "<group>"; };
		0F4901D117543C39004BC051 /* editDoneButton@2x.png */ = {isa = PBXFileReference; lastKnownFileType = image.png; path = "editDoneButton@2x.png"; sourceTree = "<group>"; };
		0F4EFFD117330AFD00B3B0F0 /* XCodeConsoleLogFormatter.h */ = {isa = PBXFileReference; fileEncoding = 4; lastKnownFileType = sourcecode.c.h; path = XCodeConsoleLogFormatter.h; sourceTree = "<group>"; };
		0F4EFFD217330AFD00B3B0F0 /* XCodeConsoleLogFormatter.m */ = {isa = PBXFileReference; fileEncoding = 4; lastKnownFileType = sourcecode.c.objc; path = XCodeConsoleLogFormatter.m; sourceTree = "<group>"; };
		0F51F3FC1741A867003BE3F9 /* UIImage+Extras.h */ = {isa = PBXFileReference; fileEncoding = 4; lastKnownFileType = sourcecode.c.h; path = "UIImage+Extras.h"; sourceTree = "<group>"; };
		0F51F3FD1741A867003BE3F9 /* UIImage+Extras.m */ = {isa = PBXFileReference; fileEncoding = 4; lastKnownFileType = sourcecode.c.objc; path = "UIImage+Extras.m"; sourceTree = "<group>"; };
		0F51F40A1741EF16003BE3F9 /* AppKit.framework */ = {isa = PBXFileReference; lastKnownFileType = wrapper.framework; name = AppKit.framework; path = Library/Frameworks/AppKit.framework; sourceTree = SDKROOT; };
		0F51F40B1741EF16003BE3F9 /* CoreData.framework */ = {isa = PBXFileReference; lastKnownFileType = wrapper.framework; name = CoreData.framework; path = Library/Frameworks/CoreData.framework; sourceTree = SDKROOT; };
		0F51F40C1741EF16003BE3F9 /* Foundation.framework */ = {isa = PBXFileReference; lastKnownFileType = wrapper.framework; name = Foundation.framework; path = Library/Frameworks/Foundation.framework; sourceTree = SDKROOT; };
		0F551F3117507033008C6290 /* disclosureArrow@2x.png */ = {isa = PBXFileReference; lastKnownFileType = image.png; path = "disclosureArrow@2x.png"; sourceTree = "<group>"; };
		0F551F33175075A0008C6290 /* disclosureArrow_highlight@2x.png */ = {isa = PBXFileReference; lastKnownFileType = image.png; path = "disclosureArrow_highlight@2x.png"; sourceTree = "<group>"; };
		0F6DC19117514A420071978C /* UIColor+Extras.h */ = {isa = PBXFileReference; fileEncoding = 4; lastKnownFileType = sourcecode.c.h; path = "UIColor+Extras.h"; sourceTree = "<group>"; };
		0F6DC19217514A420071978C /* UIColor+Extras.m */ = {isa = PBXFileReference; fileEncoding = 4; lastKnownFileType = sourcecode.c.objc; path = "UIColor+Extras.m"; sourceTree = "<group>"; };
		0F6DC19E175155C00071978C /* SBLeftNavCell.h */ = {isa = PBXFileReference; fileEncoding = 4; lastKnownFileType = sourcecode.c.h; path = SBLeftNavCell.h; sourceTree = "<group>"; };
		0F6DC19F175155C10071978C /* SBLeftNavCell.m */ = {isa = PBXFileReference; fileEncoding = 4; lastKnownFileType = sourcecode.c.objc; path = SBLeftNavCell.m; sourceTree = "<group>"; };
		0F797267174C7A7900095979 /* backButton@2x.png */ = {isa = PBXFileReference; lastKnownFileType = image.png; path = "backButton@2x.png"; sourceTree = "<group>"; };
		0F7DA9BB174D889100E7814E /* SBInfoView.h */ = {isa = PBXFileReference; fileEncoding = 4; lastKnownFileType = sourcecode.c.h; path = SBInfoView.h; sourceTree = "<group>"; };
		0F7DA9BC174D889100E7814E /* SBInfoView.m */ = {isa = PBXFileReference; fileEncoding = 4; lastKnownFileType = sourcecode.c.objc; path = SBInfoView.m; sourceTree = "<group>"; };
		0F7DA9BE174D92F100E7814E /* SBRatingView.h */ = {isa = PBXFileReference; fileEncoding = 4; lastKnownFileType = sourcecode.c.h; path = SBRatingView.h; sourceTree = "<group>"; };
		0F7DA9BF174D92F100E7814E /* SBRatingView.m */ = {isa = PBXFileReference; fileEncoding = 4; lastKnownFileType = sourcecode.c.objc; path = SBRatingView.m; sourceTree = "<group>"; };
		0F8C1CBC175178C3003CB01C /* leftNavShippedImage@2x.png */ = {isa = PBXFileReference; lastKnownFileType = image.png; path = "leftNavShippedImage@2x.png"; sourceTree = "<group>"; };
		0F8C1CBD175178C3003CB01C /* leftNavSearchImage@2x.png */ = {isa = PBXFileReference; lastKnownFileType = image.png; path = "leftNavSearchImage@2x.png"; sourceTree = "<group>"; };
		0F8C1CBE175178C3003CB01C /* leftNavWatchlistImage@2x.png */ = {isa = PBXFileReference; lastKnownFileType = image.png; path = "leftNavWatchlistImage@2x.png"; sourceTree = "<group>"; };
		0F8C1CBF175178C3003CB01C /* leftNavUpcomingImage@2x.png */ = {isa = PBXFileReference; lastKnownFileType = image.png; path = "leftNavUpcomingImage@2x.png"; sourceTree = "<group>"; };
		0F8C1CC417517941003CB01C /* leftNavLogoImage@2x.png */ = {isa = PBXFileReference; lastKnownFileType = image.png; path = "leftNavLogoImage@2x.png"; sourceTree = "<group>"; };
		0F9395AC1727310800ED7D76 /* SDWebImage.framework */ = {isa = PBXFileReference; lastKnownFileType = wrapper.framework; path = SDWebImage.framework; sourceTree = "<group>"; };
		0F9395AE1727315700ED7D76 /* ImageIO.framework */ = {isa = PBXFileReference; lastKnownFileType = wrapper.framework; name = ImageIO.framework; path = System/Library/Frameworks/ImageIO.framework; sourceTree = SDKROOT; };
		0F945366175D84C900A16FA3 /* libTestFlight.a */ = {isa = PBXFileReference; lastKnownFileType = archive.ar; path = libTestFlight.a; sourceTree = "<group>"; };
		0F945367175D84C900A16FA3 /* README.md */ = {isa = PBXFileReference; fileEncoding = 4; lastKnownFileType = text; path = README.md; sourceTree = "<group>"; };
		0F945368175D84C900A16FA3 /* release_notes.md */ = {isa = PBXFileReference; fileEncoding = 4; lastKnownFileType = text; path = release_notes.md; sourceTree = "<group>"; };
		0F945369175D84C900A16FA3 /* TestFlight.h */ = {isa = PBXFileReference; fileEncoding = 4; lastKnownFileType = sourcecode.c.h; path = TestFlight.h; sourceTree = "<group>"; };
		0F94536D175D84FC00A16FA3 /* libz.dylib */ = {isa = PBXFileReference; lastKnownFileType = "compiled.mach-o.dylib"; name = libz.dylib; path = usr/lib/libz.dylib; sourceTree = SDKROOT; };
		0F9FA2AE175459B4007BCA44 /* navButtonBack@2x.png */ = {isa = PBXFileReference; lastKnownFileType = image.png; path = "navButtonBack@2x.png"; sourceTree = "<group>"; };
		0F9FA2B017545EC4007BCA44 /* navButtonBackSelected@2x.png */ = {isa = PBXFileReference; lastKnownFileType = image.png; path = "navButtonBackSelected@2x.png"; sourceTree = "<group>"; };
		0F9FFD9817372CB70030DB95 /* SBReleasedViewController.h */ = {isa = PBXFileReference; fileEncoding = 4; lastKnownFileType = sourcecode.c.h; path = SBReleasedViewController.h; sourceTree = "<group>"; };
		0F9FFD9917372CB70030DB95 /* SBReleasedViewController.m */ = {isa = PBXFileReference; fileEncoding = 4; lastKnownFileType = sourcecode.c.objc; path = SBReleasedViewController.m; sourceTree = "<group>"; };
		0FA028A1172DCB830018CB42 /* SBLeftSideNavViewController.h */ = {isa = PBXFileReference; fileEncoding = 4; lastKnownFileType = sourcecode.c.h; path = SBLeftSideNavViewController.h; sourceTree = "<group>"; };
		0FA028A2172DCB830018CB42 /* SBLeftSideNavViewController.m */ = {isa = PBXFileReference; fileEncoding = 4; lastKnownFileType = sourcecode.c.objc; path = SBLeftSideNavViewController.m; sourceTree = "<group>"; };
		0FB3C4B01749BD9B00B5EEB6 /* Default-568h@2x.png */ = {isa = PBXFileReference; lastKnownFileType = image.png; name = "Default-568h@2x.png"; path = "../Default-568h@2x.png"; sourceTree = "<group>"; };
		0FB3C4B21749DB8400B5EEB6 /* SBGameDetailHeaderView.h */ = {isa = PBXFileReference; fileEncoding = 4; lastKnownFileType = sourcecode.c.h; path = SBGameDetailHeaderView.h; sourceTree = "<group>"; };
		0FB3C4B31749DB8400B5EEB6 /* SBGameDetailHeaderView.m */ = {isa = PBXFileReference; fileEncoding = 4; lastKnownFileType = sourcecode.c.objc; path = SBGameDetailHeaderView.m; sourceTree = "<group>"; };
		0FB3C4B51749E5F100B5EEB6 /* SBGameDetailViewController.h */ = {isa = PBXFileReference; fileEncoding = 4; lastKnownFileType = sourcecode.c.h; path = SBGameDetailViewController.h; sourceTree = "<group>"; };
		0FB3C4B61749E5F100B5EEB6 /* SBGameDetailViewController.m */ = {isa = PBXFileReference; fileEncoding = 4; lastKnownFileType = sourcecode.c.objc; path = SBGameDetailViewController.m; sourceTree = "<group>"; };
		0FB3C4BC1749F50A00B5EEB6 /* SDSegmentedControl.h */ = {isa = PBXFileReference; fileEncoding = 4; lastKnownFileType = sourcecode.c.h; path = SDSegmentedControl.h; sourceTree = "<group>"; };
		0FB3C4BD1749F50A00B5EEB6 /* SDSegmentedControl.m */ = {isa = PBXFileReference; fileEncoding = 4; lastKnownFileType = sourcecode.c.objc; path = SDSegmentedControl.m; sourceTree = "<group>"; };
		0FB5323A1738250F006F91FD /* SBUpcomingViewController.h */ = {isa = PBXFileReference; fileEncoding = 4; lastKnownFileType = sourcecode.c.h; path = SBUpcomingViewController.h; sourceTree = "<group>"; };
		0FB5323B1738250F006F91FD /* SBUpcomingViewController.m */ = {isa = PBXFileReference; fileEncoding = 4; lastKnownFileType = sourcecode.c.objc; path = SBUpcomingViewController.m; sourceTree = "<group>"; };
		0FB795AB174D78DF0087FB10 /* SBSummaryView.h */ = {isa = PBXFileReference; fileEncoding = 4; lastKnownFileType = sourcecode.c.h; path = SBSummaryView.h; sourceTree = "<group>"; };
		0FB795AC174D78DF0087FB10 /* SBSummaryView.m */ = {isa = PBXFileReference; fileEncoding = 4; lastKnownFileType = sourcecode.c.objc; path = SBSummaryView.m; sourceTree = "<group>"; };
		0FB823BB17486AB50033C597 /* navbar-background_old@2x.png */ = {isa = PBXFileReference; lastKnownFileType = image.png; path = "navbar-background_old@2x.png"; sourceTree = "<group>"; };
		0FB823BD174877A70033C597 /* tablviewSectionHeader@2x.png */ = {isa = PBXFileReference; lastKnownFileType = image.png; path = "tablviewSectionHeader@2x.png"; sourceTree = "<group>"; };
		0FB823C317488BC10033C597 /* navBarLeftButton@2x.png */ = {isa = PBXFileReference; lastKnownFileType = image.png; path = "navBarLeftButton@2x.png"; sourceTree = "<group>"; };
		0FB823C517488D7A0033C597 /* navBarRightButton@2x.png */ = {isa = PBXFileReference; lastKnownFileType = image.png; path = "navBarRightButton@2x.png"; sourceTree = "<group>"; };
		0FBA1D19175F1F7900A8A4D7 /* liked@2x.png */ = {isa = PBXFileReference; lastKnownFileType = image.png; path = "liked@2x.png"; sourceTree = "<group>"; };
		0FBA1D1A175F1F7900A8A4D7 /* like@2x.png */ = {isa = PBXFileReference; lastKnownFileType = image.png; path = "like@2x.png"; sourceTree = "<group>"; };
		0FBA1D1B175F1F7900A8A4D7 /* watch@2x.png */ = {isa = PBXFileReference; lastKnownFileType = image.png; path = "watch@2x.png"; sourceTree = "<group>"; };
		0FBA1D1C175F1F7900A8A4D7 /* watched@2x.png */ = {isa = PBXFileReference; lastKnownFileType = image.png; path = "watched@2x.png"; sourceTree = "<group>"; };
		0FC167B41726075F0019304D /* AFHTTPClient.h */ = {isa = PBXFileReference; fileEncoding = 4; lastKnownFileType = sourcecode.c.h; path = AFHTTPClient.h; sourceTree = "<group>"; };
		0FC167B51726075F0019304D /* AFHTTPClient.m */ = {isa = PBXFileReference; fileEncoding = 4; lastKnownFileType = sourcecode.c.objc; path = AFHTTPClient.m; sourceTree = "<group>"; };
		0FC167B61726075F0019304D /* AFHTTPRequestOperation.h */ = {isa = PBXFileReference; fileEncoding = 4; lastKnownFileType = sourcecode.c.h; path = AFHTTPRequestOperation.h; sourceTree = "<group>"; };
		0FC167B71726075F0019304D /* AFHTTPRequestOperation.m */ = {isa = PBXFileReference; fileEncoding = 4; lastKnownFileType = sourcecode.c.objc; path = AFHTTPRequestOperation.m; sourceTree = "<group>"; };
		0FC167B81726075F0019304D /* AFImageRequestOperation.h */ = {isa = PBXFileReference; fileEncoding = 4; lastKnownFileType = sourcecode.c.h; path = AFImageRequestOperation.h; sourceTree = "<group>"; };
		0FC167B91726075F0019304D /* AFImageRequestOperation.m */ = {isa = PBXFileReference; fileEncoding = 4; lastKnownFileType = sourcecode.c.objc; path = AFImageRequestOperation.m; sourceTree = "<group>"; };
		0FC167BA1726075F0019304D /* AFJSONRequestOperation.h */ = {isa = PBXFileReference; fileEncoding = 4; lastKnownFileType = sourcecode.c.h; path = AFJSONRequestOperation.h; sourceTree = "<group>"; };
		0FC167BB1726075F0019304D /* AFJSONRequestOperation.m */ = {isa = PBXFileReference; fileEncoding = 4; lastKnownFileType = sourcecode.c.objc; path = AFJSONRequestOperation.m; sourceTree = "<group>"; };
		0FC167BC1726075F0019304D /* AFNetworkActivityIndicatorManager.h */ = {isa = PBXFileReference; fileEncoding = 4; lastKnownFileType = sourcecode.c.h; path = AFNetworkActivityIndicatorManager.h; sourceTree = "<group>"; };
		0FC167BD1726075F0019304D /* AFNetworkActivityIndicatorManager.m */ = {isa = PBXFileReference; fileEncoding = 4; lastKnownFileType = sourcecode.c.objc; path = AFNetworkActivityIndicatorManager.m; sourceTree = "<group>"; };
		0FC167BE1726075F0019304D /* AFNetworking.h */ = {isa = PBXFileReference; fileEncoding = 4; lastKnownFileType = sourcecode.c.h; path = AFNetworking.h; sourceTree = "<group>"; };
		0FC167BF1726075F0019304D /* AFPropertyListRequestOperation.h */ = {isa = PBXFileReference; fileEncoding = 4; lastKnownFileType = sourcecode.c.h; path = AFPropertyListRequestOperation.h; sourceTree = "<group>"; };
		0FC167C01726075F0019304D /* AFPropertyListRequestOperation.m */ = {isa = PBXFileReference; fileEncoding = 4; lastKnownFileType = sourcecode.c.objc; path = AFPropertyListRequestOperation.m; sourceTree = "<group>"; };
		0FC167C11726075F0019304D /* AFURLConnectionOperation.h */ = {isa = PBXFileReference; fileEncoding = 4; lastKnownFileType = sourcecode.c.h; path = AFURLConnectionOperation.h; sourceTree = "<group>"; };
		0FC167C21726075F0019304D /* AFURLConnectionOperation.m */ = {isa = PBXFileReference; fileEncoding = 4; lastKnownFileType = sourcecode.c.objc; path = AFURLConnectionOperation.m; sourceTree = "<group>"; };
		0FC167C31726075F0019304D /* AFXMLRequestOperation.h */ = {isa = PBXFileReference; fileEncoding = 4; lastKnownFileType = sourcecode.c.h; path = AFXMLRequestOperation.h; sourceTree = "<group>"; };
		0FC167C41726075F0019304D /* AFXMLRequestOperation.m */ = {isa = PBXFileReference; fileEncoding = 4; lastKnownFileType = sourcecode.c.objc; path = AFXMLRequestOperation.m; sourceTree = "<group>"; };
		0FC167C51726075F0019304D /* UIImageView+AFNetworking.h */ = {isa = PBXFileReference; fileEncoding = 4; lastKnownFileType = sourcecode.c.h; path = "UIImageView+AFNetworking.h"; sourceTree = "<group>"; };
		0FC167C61726075F0019304D /* UIImageView+AFNetworking.m */ = {isa = PBXFileReference; fileEncoding = 4; lastKnownFileType = sourcecode.c.objc; path = "UIImageView+AFNetworking.m"; sourceTree = "<group>"; };
		0FC811551759CF4400975145 /* MBProgressHUD.h */ = {isa = PBXFileReference; fileEncoding = 4; lastKnownFileType = sourcecode.c.h; path = MBProgressHUD.h; sourceTree = "<group>"; };
		0FC811561759CF4400975145 /* MBProgressHUD.m */ = {isa = PBXFileReference; fileEncoding = 4; lastKnownFileType = sourcecode.c.objc; path = MBProgressHUD.m; sourceTree = "<group>"; };
		0FC979E317532A450088F714 /* no_summary@2x.png */ = {isa = PBXFileReference; lastKnownFileType = image.png; path = "no_summary@2x.png"; sourceTree = "<group>"; };
		0FC979E5175331E80088F714 /* checkmark@2x.png */ = {isa = PBXFileReference; lastKnownFileType = image.png; path = "checkmark@2x.png"; sourceTree = "<group>"; };
		0FCE36771755EB44004C9F04 /* likesImage@2x.png */ = {isa = PBXFileReference; lastKnownFileType = image.png; path = "likesImage@2x.png"; sourceTree = "<group>"; };
		0FCE36791755EB52004C9F04 /* readReviewsButton@2x.png */ = {isa = PBXFileReference; lastKnownFileType = image.png; path = "readReviewsButton@2x.png"; sourceTree = "<group>"; };
		0FCE367A1755EB52004C9F04 /* readReviewsButtonPressed@2x.png */ = {isa = PBXFileReference; lastKnownFileType = image.png; path = "readReviewsButtonPressed@2x.png"; sourceTree = "<group>"; };
		0FCE367B1755EB52004C9F04 /* metacriticImage@2x.png */ = {isa = PBXFileReference; lastKnownFileType = image.png; path = "metacriticImage@2x.png"; sourceTree = "<group>"; };
		0FD0F102175048A600DE9AD5 /* navbar-background@2x.png */ = {isa = PBXFileReference; lastKnownFileType = image.png; path = "navbar-background@2x.png"; sourceTree = "<group>"; };
		0FD1F0E61738E3650053C61A /* 114.png */ = {isa = PBXFileReference; lastKnownFileType = image.png; name = 114.png; path = ../114.png; sourceTree = "<group>"; };
		0FD1F0E81738E3C00053C61A /* 57.png */ = {isa = PBXFileReference; lastKnownFileType = image.png; name = 57.png; path = ../57.png; sourceTree = "<group>"; };
		0FD9465C1757078F00EEFAE5 /* NSDate+Utilities.h */ = {isa = PBXFileReference; fileEncoding = 4; lastKnownFileType = sourcecode.c.h; path = "NSDate+Utilities.h"; sourceTree = "<group>"; };
		0FD9465D1757078F00EEFAE5 /* NSDate+Utilities.m */ = {isa = PBXFileReference; fileEncoding = 4; lastKnownFileType = sourcecode.c.objc; path = "NSDate+Utilities.m"; sourceTree = "<group>"; };
		0FD9465F17570BC700EEFAE5 /* stopwatchImage@2x.png */ = {isa = PBXFileReference; lastKnownFileType = image.png; path = "stopwatchImage@2x.png"; sourceTree = "<group>"; };
		0FD946611757226700EEFAE5 /* stopwatchImageWhite@2x.png */ = {isa = PBXFileReference; lastKnownFileType = image.png; path = "stopwatchImageWhite@2x.png"; sourceTree = "<group>"; };
		0FD9466517572C0900EEFAE5 /* watchlist_unpopulated@2x.png */ = {isa = PBXFileReference; lastKnownFileType = image.png; path = "watchlist_unpopulated@2x.png"; sourceTree = "<group>"; };
		0FF0BCF21735B5D200B8FD68 /* Game.h */ = {isa = PBXFileReference; fileEncoding = 4; lastKnownFileType = sourcecode.c.h; path = Game.h; sourceTree = "<group>"; };
		0FF0BCF31735B5D200B8FD68 /* Game.m */ = {isa = PBXFileReference; fileEncoding = 4; lastKnownFileType = sourcecode.c.objc; path = Game.m; sourceTree = "<group>"; };
		0FF0BCF41735B5D200B8FD68 /* Platform.h */ = {isa = PBXFileReference; fileEncoding = 4; lastKnownFileType = sourcecode.c.h; path = Platform.h; sourceTree = "<group>"; };
		0FF0BCF51735B5D200B8FD68 /* Platform.m */ = {isa = PBXFileReference; fileEncoding = 4; lastKnownFileType = sourcecode.c.objc; path = Platform.m; sourceTree = "<group>"; };
		0FF0BCF81735B5E600B8FD68 /* _Game.h */ = {isa = PBXFileReference; fileEncoding = 4; lastKnownFileType = sourcecode.c.h; path = _Game.h; sourceTree = "<group>"; };
		0FF0BCF91735B5E600B8FD68 /* _Game.m */ = {isa = PBXFileReference; fileEncoding = 4; lastKnownFileType = sourcecode.c.objc; path = _Game.m; sourceTree = "<group>"; };
		0FF0BCFA1735B5E600B8FD68 /* _Platform.h */ = {isa = PBXFileReference; fileEncoding = 4; lastKnownFileType = sourcecode.c.h; path = _Platform.h; sourceTree = "<group>"; };
		0FF0BCFB1735B5E600B8FD68 /* _Platform.m */ = {isa = PBXFileReference; fileEncoding = 4; lastKnownFileType = sourcecode.c.objc; path = _Platform.m; sourceTree = "<group>"; };
		0FF6EC5F1732531F00ABE4B8 /* DDAbstractDatabaseLogger.h */ = {isa = PBXFileReference; fileEncoding = 4; lastKnownFileType = sourcecode.c.h; path = DDAbstractDatabaseLogger.h; sourceTree = "<group>"; };
		0FF6EC601732531F00ABE4B8 /* DDAbstractDatabaseLogger.m */ = {isa = PBXFileReference; fileEncoding = 4; lastKnownFileType = sourcecode.c.objc; path = DDAbstractDatabaseLogger.m; sourceTree = "<group>"; };
		0FF6EC611732531F00ABE4B8 /* DDASLLogger.h */ = {isa = PBXFileReference; fileEncoding = 4; lastKnownFileType = sourcecode.c.h; path = DDASLLogger.h; sourceTree = "<group>"; };
		0FF6EC621732531F00ABE4B8 /* DDASLLogger.m */ = {isa = PBXFileReference; fileEncoding = 4; lastKnownFileType = sourcecode.c.objc; path = DDASLLogger.m; sourceTree = "<group>"; };
		0FF6EC631732531F00ABE4B8 /* DDFileLogger.h */ = {isa = PBXFileReference; fileEncoding = 4; lastKnownFileType = sourcecode.c.h; path = DDFileLogger.h; sourceTree = "<group>"; };
		0FF6EC641732531F00ABE4B8 /* DDFileLogger.m */ = {isa = PBXFileReference; fileEncoding = 4; lastKnownFileType = sourcecode.c.objc; path = DDFileLogger.m; sourceTree = "<group>"; };
		0FF6EC651732531F00ABE4B8 /* DDLog.h */ = {isa = PBXFileReference; fileEncoding = 4; lastKnownFileType = sourcecode.c.h; path = DDLog.h; sourceTree = "<group>"; };
		0FF6EC661732531F00ABE4B8 /* DDLog.m */ = {isa = PBXFileReference; fileEncoding = 4; lastKnownFileType = sourcecode.c.objc; path = DDLog.m; sourceTree = "<group>"; };
		0FF6EC671732531F00ABE4B8 /* DDTTYLogger.h */ = {isa = PBXFileReference; fileEncoding = 4; lastKnownFileType = sourcecode.c.h; path = DDTTYLogger.h; sourceTree = "<group>"; };
		0FF6EC681732531F00ABE4B8 /* DDTTYLogger.m */ = {isa = PBXFileReference; fileEncoding = 4; lastKnownFileType = sourcecode.c.objc; path = DDTTYLogger.m; sourceTree = "<group>"; };
		0FF6EC6A1732531F00ABE4B8 /* ContextFilterLogFormatter.h */ = {isa = PBXFileReference; fileEncoding = 4; lastKnownFileType = sourcecode.c.h; path = ContextFilterLogFormatter.h; sourceTree = "<group>"; };
		0FF6EC6B1732531F00ABE4B8 /* ContextFilterLogFormatter.m */ = {isa = PBXFileReference; fileEncoding = 4; lastKnownFileType = sourcecode.c.objc; path = ContextFilterLogFormatter.m; sourceTree = "<group>"; };
		0FF6EC6C1732531F00ABE4B8 /* DispatchQueueLogFormatter.h */ = {isa = PBXFileReference; fileEncoding = 4; lastKnownFileType = sourcecode.c.h; path = DispatchQueueLogFormatter.h; sourceTree = "<group>"; };
		0FF6EC6D1732531F00ABE4B8 /* DispatchQueueLogFormatter.m */ = {isa = PBXFileReference; fileEncoding = 4; lastKnownFileType = sourcecode.c.objc; path = DispatchQueueLogFormatter.m; sourceTree = "<group>"; };
		0FF6EC6E1732531F00ABE4B8 /* README.txt */ = {isa = PBXFileReference; fileEncoding = 4; lastKnownFileType = text; path = README.txt; sourceTree = "<group>"; };
		0FF8310F175195B5003C8693 /* calendarIcon_highlight@2x.png */ = {isa = PBXFileReference; lastKnownFileType = image.png; path = "calendarIcon_highlight@2x.png"; sourceTree = "<group>"; };
		0FF83110175195B5003C8693 /* calendarIcon@2x.png */ = {isa = PBXFileReference; lastKnownFileType = image.png; path = "calendarIcon@2x.png"; sourceTree = "<group>"; };
		0FF87CFC17359BDC00DD7814 /* en */ = {isa = PBXFileReference; lastKnownFileType = text.plist.strings; name = en; path = InfoPlist.strings; sourceTree = "<group>"; };
		0FF87CFD17359BDC00DD7814 /* Localizable.strings */ = {isa = PBXFileReference; fileEncoding = 4; lastKnownFileType = text.plist.strings; path = Localizable.strings; sourceTree = "<group>"; };
		B9951D2316B452F200502A24 /* SBFavoritesTableViewController.h */ = {isa = PBXFileReference; fileEncoding = 4; lastKnownFileType = sourcecode.c.h; path = SBFavoritesTableViewController.h; sourceTree = "<group>"; };
		B9951D2416B452F200502A24 /* SBFavoritesTableViewController.m */ = {isa = PBXFileReference; fileEncoding = 4; lastKnownFileType = sourcecode.c.objc; path = SBFavoritesTableViewController.m; sourceTree = "<group>"; };
		B9B7E3F116AB15E800FFC031 /* Shipbit.app */ = {isa = PBXFileReference; explicitFileType = wrapper.application; includeInIndex = 0; path = Shipbit.app; sourceTree = BUILT_PRODUCTS_DIR; };
		B9B7E3F516AB15E800FFC031 /* UIKit.framework */ = {isa = PBXFileReference; lastKnownFileType = wrapper.framework; name = UIKit.framework; path = System/Library/Frameworks/UIKit.framework; sourceTree = SDKROOT; };
		B9B7E3F716AB15E800FFC031 /* Foundation.framework */ = {isa = PBXFileReference; lastKnownFileType = wrapper.framework; name = Foundation.framework; path = System/Library/Frameworks/Foundation.framework; sourceTree = SDKROOT; };
		B9B7E3F916AB15E800FFC031 /* CoreGraphics.framework */ = {isa = PBXFileReference; lastKnownFileType = wrapper.framework; name = CoreGraphics.framework; path = System/Library/Frameworks/CoreGraphics.framework; sourceTree = SDKROOT; };
		B9B7E3FD16AB15E800FFC031 /* Shipbit-Info.plist */ = {isa = PBXFileReference; lastKnownFileType = text.plist.xml; path = "Shipbit-Info.plist"; sourceTree = "<group>"; };
		B9B7E3FF16AB15E800FFC031 /* en */ = {isa = PBXFileReference; lastKnownFileType = text.plist.strings; name = en; path = en.lproj/InfoPlist.strings; sourceTree = "<group>"; };
		B9B7E40116AB15E800FFC031 /* main.m */ = {isa = PBXFileReference; lastKnownFileType = sourcecode.c.objc; path = main.m; sourceTree = "<group>"; };
		B9B7E40316AB15E800FFC031 /* Shipbit-Prefix.pch */ = {isa = PBXFileReference; lastKnownFileType = sourcecode.c.h; path = "Shipbit-Prefix.pch"; sourceTree = "<group>"; };
		B9B7E40416AB15E800FFC031 /* SBAppDelegate.h */ = {isa = PBXFileReference; lastKnownFileType = sourcecode.c.h; path = SBAppDelegate.h; sourceTree = "<group>"; };
		B9B7E40516AB15E800FFC031 /* SBAppDelegate.m */ = {isa = PBXFileReference; lastKnownFileType = sourcecode.c.objc; path = SBAppDelegate.m; sourceTree = "<group>"; };
		B9B7E4C216AC55D700FFC031 /* SystemConfiguration.framework */ = {isa = PBXFileReference; lastKnownFileType = wrapper.framework; name = SystemConfiguration.framework; path = System/Library/Frameworks/SystemConfiguration.framework; sourceTree = SDKROOT; };
		B9B7E4C416AC55EC00FFC031 /* MobileCoreServices.framework */ = {isa = PBXFileReference; lastKnownFileType = wrapper.framework; name = MobileCoreServices.framework; path = System/Library/Frameworks/MobileCoreServices.framework; sourceTree = SDKROOT; };
		B9B7E4D216AC5B5100FFC031 /* CoreData.framework */ = {isa = PBXFileReference; lastKnownFileType = wrapper.framework; name = CoreData.framework; path = System/Library/Frameworks/CoreData.framework; sourceTree = SDKROOT; };
		B9B7E4D416AC5C7A00FFC031 /* SBAFParseAPIClient.h */ = {isa = PBXFileReference; fileEncoding = 4; lastKnownFileType = sourcecode.c.h; path = SBAFParseAPIClient.h; sourceTree = "<group>"; };
		B9B7E4D516AC5C7A00FFC031 /* SBAFParseAPIClient.m */ = {isa = PBXFileReference; fileEncoding = 4; lastKnownFileType = sourcecode.c.objc; path = SBAFParseAPIClient.m; sourceTree = "<group>"; };
		B9B7E4D616AC5C7A00FFC031 /* SBCoreDataController.h */ = {isa = PBXFileReference; fileEncoding = 4; lastKnownFileType = sourcecode.c.h; path = SBCoreDataController.h; sourceTree = "<group>"; };
		B9B7E4D716AC5C7A00FFC031 /* SBCoreDataController.m */ = {isa = PBXFileReference; fileEncoding = 4; lastKnownFileType = sourcecode.c.objc; path = SBCoreDataController.m; sourceTree = "<group>"; };
		B9B7E4D816AC5C7A00FFC031 /* SBSyncEngine.h */ = {isa = PBXFileReference; fileEncoding = 4; lastKnownFileType = sourcecode.c.h; path = SBSyncEngine.h; sourceTree = "<group>"; };
		B9B7E4D916AC5C7A00FFC031 /* SBSyncEngine.m */ = {isa = PBXFileReference; fileEncoding = 4; lastKnownFileType = sourcecode.c.objc; path = SBSyncEngine.m; sourceTree = "<group>"; };
		B9B7E4DE16AC5C9B00FFC031 /* Shipbit.xcdatamodel */ = {isa = PBXFileReference; lastKnownFileType = wrapper.xcdatamodel; path = Shipbit.xcdatamodel; sourceTree = "<group>"; };
		B9B7E4E316AC5D3B00FFC031 /* SBGameCell.h */ = {isa = PBXFileReference; fileEncoding = 4; lastKnownFileType = sourcecode.c.h; path = SBGameCell.h; sourceTree = "<group>"; };
		B9B7E4E416AC5D3B00FFC031 /* SBGameCell.m */ = {isa = PBXFileReference; fileEncoding = 4; lastKnownFileType = sourcecode.c.objc; path = SBGameCell.m; sourceTree = "<group>"; };
		B9D3E7C516D821A600C84F30 /* SBSearchTableViewController.h */ = {isa = PBXFileReference; fileEncoding = 4; lastKnownFileType = sourcecode.c.h; path = SBSearchTableViewController.h; sourceTree = "<group>"; };
		B9D3E7C616D821A600C84F30 /* SBSearchTableViewController.m */ = {isa = PBXFileReference; fileEncoding = 4; lastKnownFileType = sourcecode.c.objc; path = SBSearchTableViewController.m; sourceTree = "<group>"; };
		B9D3E7C716D821A600C84F30 /* SBSearchTableViewController.xib */ = {isa = PBXFileReference; fileEncoding = 4; lastKnownFileType = file.xib; path = SBSearchTableViewController.xib; sourceTree = "<group>"; };
		B9D3E7CA16D8567200C84F30 /* SBPlatformsTableViewController.h */ = {isa = PBXFileReference; fileEncoding = 4; lastKnownFileType = sourcecode.c.h; path = SBPlatformsTableViewController.h; sourceTree = "<group>"; };
		B9D3E7CB16D8567200C84F30 /* SBPlatformsTableViewController.m */ = {isa = PBXFileReference; fileEncoding = 4; lastKnownFileType = sourcecode.c.objc; path = SBPlatformsTableViewController.m; sourceTree = "<group>"; };
/* End PBXFileReference section */

/* Begin PBXFrameworksBuildPhase section */
		B9B7E3EE16AB15E800FFC031 /* Frameworks */ = {
			isa = PBXFrameworksBuildPhase;
			buildActionMask = 2147483647;
			files = (
				0F94536E175D84FC00A16FA3 /* libz.dylib in Frameworks */,
				0F5031D317401C7600884007 /* SystemConfiguration.framework in Frameworks */,
				0F011039172DA668003BAFF6 /* QuartzCore.framework in Frameworks */,
				0F9395AF1727315700ED7D76 /* ImageIO.framework in Frameworks */,
				B9B7E4D316AC5B5100FFC031 /* CoreData.framework in Frameworks */,
				B9B7E4C516AC55EC00FFC031 /* MobileCoreServices.framework in Frameworks */,
				B9B7E3F616AB15E800FFC031 /* UIKit.framework in Frameworks */,
				B9B7E3F816AB15E800FFC031 /* Foundation.framework in Frameworks */,
				B9B7E3FA16AB15E800FFC031 /* CoreGraphics.framework in Frameworks */,
				0F9395AD1727310800ED7D76 /* SDWebImage.framework in Frameworks */,
				0F94536A175D84C900A16FA3 /* libTestFlight.a in Frameworks */,
			);
			runOnlyForDeploymentPostprocessing = 0;
		};
/* End PBXFrameworksBuildPhase section */

/* Begin PBXGroup section */
		0F011018172DA19D003BAFF6 /* JASidePanels */ = {
			isa = PBXGroup;
			children = (
				0F011029172DA19D003BAFF6 /* Source */,
			);
			path = JASidePanels;
			sourceTree = "<group>";
		};
		0F011029172DA19D003BAFF6 /* Source */ = {
			isa = PBXGroup;
			children = (
				0F01102A172DA19D003BAFF6 /* JASidePanelController.h */,
				0F01102B172DA19D003BAFF6 /* JASidePanelController.m */,
				0F01102C172DA19D003BAFF6 /* UIViewController+JASidePanel.h */,
				0F01102D172DA19D003BAFF6 /* UIViewController+JASidePanel.m */,
			);
			path = Source;
			sourceTree = "<group>";
		};
		0F51F4091741EF16003BE3F9 /* Other Frameworks */ = {
			isa = PBXGroup;
			children = (
				0F51F40A1741EF16003BE3F9 /* AppKit.framework */,
				0F51F40B1741EF16003BE3F9 /* CoreData.framework */,
				0F51F40C1741EF16003BE3F9 /* Foundation.framework */,
			);
			name = "Other Frameworks";
			sourceTree = "<group>";
		};
		0F945365175D84C900A16FA3 /* TestFlightSDK */ = {
			isa = PBXGroup;
			children = (
				0F945366175D84C900A16FA3 /* libTestFlight.a */,
				0F945367175D84C900A16FA3 /* README.md */,
				0F945368175D84C900A16FA3 /* release_notes.md */,
				0F945369175D84C900A16FA3 /* TestFlight.h */,
			);
			name = TestFlightSDK;
			path = Shipbit/TestFlightSDK;
			sourceTree = "<group>";
		};
		0FB3C4BB1749F50A00B5EEB6 /* SDSegmentedControl */ = {
			isa = PBXGroup;
			children = (
				0FB3C4BC1749F50A00B5EEB6 /* SDSegmentedControl.h */,
				0FB3C4BD1749F50A00B5EEB6 /* SDSegmentedControl.m */,
			);
			path = SDSegmentedControl;
			sourceTree = "<group>";
		};
		0FC167B31726075F0019304D /* AFNetworking */ = {
			isa = PBXGroup;
			children = (
				0FC167B41726075F0019304D /* AFHTTPClient.h */,
				0FC167B51726075F0019304D /* AFHTTPClient.m */,
				0FC167B61726075F0019304D /* AFHTTPRequestOperation.h */,
				0FC167B71726075F0019304D /* AFHTTPRequestOperation.m */,
				0FC167B81726075F0019304D /* AFImageRequestOperation.h */,
				0FC167B91726075F0019304D /* AFImageRequestOperation.m */,
				0FC167BA1726075F0019304D /* AFJSONRequestOperation.h */,
				0FC167BB1726075F0019304D /* AFJSONRequestOperation.m */,
				0FC167BC1726075F0019304D /* AFNetworkActivityIndicatorManager.h */,
				0FC167BD1726075F0019304D /* AFNetworkActivityIndicatorManager.m */,
				0FC167BE1726075F0019304D /* AFNetworking.h */,
				0FC167BF1726075F0019304D /* AFPropertyListRequestOperation.h */,
				0FC167C01726075F0019304D /* AFPropertyListRequestOperation.m */,
				0FC167C11726075F0019304D /* AFURLConnectionOperation.h */,
				0FC167C21726075F0019304D /* AFURLConnectionOperation.m */,
				0FC167C31726075F0019304D /* AFXMLRequestOperation.h */,
				0FC167C41726075F0019304D /* AFXMLRequestOperation.m */,
				0FC167C51726075F0019304D /* UIImageView+AFNetworking.h */,
				0FC167C61726075F0019304D /* UIImageView+AFNetworking.m */,
			);
			path = AFNetworking;
			sourceTree = "<group>";
		};
		0FC811541759CF2900975145 /* MBProgressHUD */ = {
			isa = PBXGroup;
			children = (
				0FC811551759CF4400975145 /* MBProgressHUD.h */,
				0FC811561759CF4400975145 /* MBProgressHUD.m */,
			);
			name = MBProgressHUD;
			path = Shipbit;
			sourceTree = "<group>";
		};
		0FF6EC5E1732531F00ABE4B8 /* Lumberjack */ = {
			isa = PBXGroup;
			children = (
				0FF6EC5F1732531F00ABE4B8 /* DDAbstractDatabaseLogger.h */,
				0FF6EC601732531F00ABE4B8 /* DDAbstractDatabaseLogger.m */,
				0FF6EC611732531F00ABE4B8 /* DDASLLogger.h */,
				0FF6EC621732531F00ABE4B8 /* DDASLLogger.m */,
				0FF6EC631732531F00ABE4B8 /* DDFileLogger.h */,
				0FF6EC641732531F00ABE4B8 /* DDFileLogger.m */,
				0FF6EC651732531F00ABE4B8 /* DDLog.h */,
				0FF6EC661732531F00ABE4B8 /* DDLog.m */,
				0FF6EC671732531F00ABE4B8 /* DDTTYLogger.h */,
				0FF6EC681732531F00ABE4B8 /* DDTTYLogger.m */,
				0FF6EC691732531F00ABE4B8 /* Extensions */,
			);
			path = Lumberjack;
			sourceTree = "<group>";
		};
		0FF6EC691732531F00ABE4B8 /* Extensions */ = {
			isa = PBXGroup;
			children = (
				0FF6EC6A1732531F00ABE4B8 /* ContextFilterLogFormatter.h */,
				0FF6EC6B1732531F00ABE4B8 /* ContextFilterLogFormatter.m */,
				0FF6EC6C1732531F00ABE4B8 /* DispatchQueueLogFormatter.h */,
				0FF6EC6D1732531F00ABE4B8 /* DispatchQueueLogFormatter.m */,
				0FF6EC6E1732531F00ABE4B8 /* README.txt */,
				0F4EFFD117330AFD00B3B0F0 /* XCodeConsoleLogFormatter.h */,
				0F4EFFD217330AFD00B3B0F0 /* XCodeConsoleLogFormatter.m */,
			);
			path = Extensions;
			sourceTree = "<group>";
		};
		0FF87CFA17359BDC00DD7814 /* en.lproj */ = {
			isa = PBXGroup;
			children = (
				0FF87CFB17359BDC00DD7814 /* InfoPlist.strings */,
			);
			path = en.lproj;
			sourceTree = "<group>";
		};
		B9B7E3E616AB15E800FFC031 = {
			isa = PBXGroup;
			children = (
				0FB3C4BB1749F50A00B5EEB6 /* SDSegmentedControl */,
				0FF6EC5E1732531F00ABE4B8 /* Lumberjack */,
				0F011018172DA19D003BAFF6 /* JASidePanels */,
				0FC167B31726075F0019304D /* AFNetworking */,
				0FC811541759CF2900975145 /* MBProgressHUD */,
				0F945365175D84C900A16FA3 /* TestFlightSDK */,
				B9B7E3FB16AB15E800FFC031 /* Shipbit */,
				B9B7E3F416AB15E800FFC031 /* Frameworks */,
				B9B7E3F216AB15E800FFC031 /* Products */,
			);
			sourceTree = "<group>";
		};
		B9B7E3F216AB15E800FFC031 /* Products */ = {
			isa = PBXGroup;
			children = (
				B9B7E3F116AB15E800FFC031 /* Shipbit.app */,
			);
			name = Products;
			sourceTree = "<group>";
		};
		B9B7E3F416AB15E800FFC031 /* Frameworks */ = {
			isa = PBXGroup;
			children = (
				0F94536D175D84FC00A16FA3 /* libz.dylib */,
				0F011038172DA668003BAFF6 /* QuartzCore.framework */,
				0F9395AE1727315700ED7D76 /* ImageIO.framework */,
				0F9395AC1727310800ED7D76 /* SDWebImage.framework */,
				B9B7E4D216AC5B5100FFC031 /* CoreData.framework */,
				B9B7E4C416AC55EC00FFC031 /* MobileCoreServices.framework */,
				B9B7E4C216AC55D700FFC031 /* SystemConfiguration.framework */,
				B9B7E3F516AB15E800FFC031 /* UIKit.framework */,
				B9B7E3F716AB15E800FFC031 /* Foundation.framework */,
				B9B7E3F916AB15E800FFC031 /* CoreGraphics.framework */,
				0F51F4091741EF16003BE3F9 /* Other Frameworks */,
			);
			name = Frameworks;
			sourceTree = "<group>";
		};
		B9B7E3FB16AB15E800FFC031 /* Shipbit */ = {
			isa = PBXGroup;
			children = (
				0FF0BCF81735B5E600B8FD68 /* _Game.h */,
				0FF0BCF91735B5E600B8FD68 /* _Game.m */,
				0FF0BCFA1735B5E600B8FD68 /* _Platform.h */,
				0FF0BCFB1735B5E600B8FD68 /* _Platform.m */,
				0FF0BCF21735B5D200B8FD68 /* Game.h */,
				0FF0BCF31735B5D200B8FD68 /* Game.m */,
				0FF0BCF41735B5D200B8FD68 /* Platform.h */,
				0FF0BCF51735B5D200B8FD68 /* Platform.m */,
				0F51F3FC1741A867003BE3F9 /* UIImage+Extras.h */,
				0F51F3FD1741A867003BE3F9 /* UIImage+Extras.m */,
				0FD9465C1757078F00EEFAE5 /* NSDate+Utilities.h */,
				0FD9465D1757078F00EEFAE5 /* NSDate+Utilities.m */,
				0FF87CFA17359BDC00DD7814 /* en.lproj */,
				0FF87CFD17359BDC00DD7814 /* Localizable.strings */,
				0FA028A1172DCB830018CB42 /* SBLeftSideNavViewController.h */,
				0FA028A2172DCB830018CB42 /* SBLeftSideNavViewController.m */,
				0F6DC19E175155C00071978C /* SBLeftNavCell.h */,
				0F6DC19F175155C10071978C /* SBLeftNavCell.m */,
				0F6DC19117514A420071978C /* UIColor+Extras.h */,
				0F6DC19217514A420071978C /* UIColor+Extras.m */,
				B9B7E40416AB15E800FFC031 /* SBAppDelegate.h */,
				B9B7E40516AB15E800FFC031 /* SBAppDelegate.m */,
				0FB5323A1738250F006F91FD /* SBUpcomingViewController.h */,
				0FB5323B1738250F006F91FD /* SBUpcomingViewController.m */,
				0FB3C4B21749DB8400B5EEB6 /* SBGameDetailHeaderView.h */,
				0FB3C4B31749DB8400B5EEB6 /* SBGameDetailHeaderView.m */,
				0FB3C4B51749E5F100B5EEB6 /* SBGameDetailViewController.h */,
				0FB3C4B61749E5F100B5EEB6 /* SBGameDetailViewController.m */,
				0F9FFD9817372CB70030DB95 /* SBReleasedViewController.h */,
				0F9FFD9917372CB70030DB95 /* SBReleasedViewController.m */,
				B9D3E7C516D821A600C84F30 /* SBSearchTableViewController.h */,
				B9D3E7C616D821A600C84F30 /* SBSearchTableViewController.m */,
				B9951D2316B452F200502A24 /* SBFavoritesTableViewController.h */,
				B9951D2416B452F200502A24 /* SBFavoritesTableViewController.m */,
				0FB795AB174D78DF0087FB10 /* SBSummaryView.h */,
				0FB795AC174D78DF0087FB10 /* SBSummaryView.m */,
				0F7DA9BB174D889100E7814E /* SBInfoView.h */,
				0F7DA9BC174D889100E7814E /* SBInfoView.m */,
				0F7DA9BE174D92F100E7814E /* SBRatingView.h */,
				0F7DA9BF174D92F100E7814E /* SBRatingView.m */,
				B9D3E7CA16D8567200C84F30 /* SBPlatformsTableViewController.h */,
				B9D3E7CB16D8567200C84F30 /* SBPlatformsTableViewController.m */,
				B9B7E4E316AC5D3B00FFC031 /* SBGameCell.h */,
				B9B7E4E416AC5D3B00FFC031 /* SBGameCell.m */,
				B9B7E4D416AC5C7A00FFC031 /* SBAFParseAPIClient.h */,
				B9B7E4D516AC5C7A00FFC031 /* SBAFParseAPIClient.m */,
				B9B7E4D616AC5C7A00FFC031 /* SBCoreDataController.h */,
				B9B7E4D716AC5C7A00FFC031 /* SBCoreDataController.m */,
				B9B7E4D816AC5C7A00FFC031 /* SBSyncEngine.h */,
				B9B7E4D916AC5C7A00FFC031 /* SBSyncEngine.m */,
				B9B7E3FC16AB15E800FFC031 /* Supporting Files */,
			);
			path = Shipbit;
			sourceTree = "<group>";
		};
		B9B7E3FC16AB15E800FFC031 /* Supporting Files */ = {
			isa = PBXGroup;
			children = (
				0FD9466517572C0900EEFAE5 /* watchlist_unpopulated@2x.png */,
				0FD946611757226700EEFAE5 /* stopwatchImageWhite@2x.png */,
				0FD9465F17570BC700EEFAE5 /* stopwatchImage@2x.png */,
				0FCE36791755EB52004C9F04 /* readReviewsButton@2x.png */,
				0FCE367A1755EB52004C9F04 /* readReviewsButtonPressed@2x.png */,
				0FCE367B1755EB52004C9F04 /* metacriticImage@2x.png */,
				0FCE36771755EB44004C9F04 /* likesImage@2x.png */,
				0F26DA4D1755E49F0044CDA1 /* searchCancelButton@2x.png */,
				0F26DA4F1755E4A30044CDA1 /* searchCancelButtonPressed@2x.png */,
				0F2BBA5F17546850006B85F1 /* doneButtonBackgroundImagePressed@2x.png */,
				0F2BBA5D1754676C006B85F1 /* doneButtonBackgroundImage@2x.png */,
				0F2BBA59175462E4006B85F1 /* tellFriendsPressed@2x.png */,
				0F2BBA5A175462E4006B85F1 /* tellFriends@2x.png */,
				0F9FA2B017545EC4007BCA44 /* navButtonBackSelected@2x.png */,
				0F9FA2AE175459B4007BCA44 /* navButtonBack@2x.png */,
				0F4901CE17543C37004BC051 /* editDoneButtonPressed@2x.png */,
				0F4901CF17543C37004BC051 /* editButton@2x.png */,
				0F4901D017543C38004BC051 /* editButtonPressed.png */,
				0F4901D117543C39004BC051 /* editDoneButton@2x.png */,
				0F0189571753519700907553 /* placeholder@2x.png */,
				0F0189531753515700907553 /* circle_border_light@2x.png */,
				0F0189541753515800907553 /* highlight_circle@2x.png */,
				0F01894D17534AA800907553 /* cancelButton@2x.png */,
				0F01894E17534AA800907553 /* searchingFieldBackground@2x.png */,
				0F0189471753487D00907553 /* searchbarBackground@2x.png */,
				0F0189481753487D00907553 /* searchbarIcon@2x.png */,
				0F0189491753487D00907553 /* searchFieldBackground@2x.png */,
				0FC979E5175331E80088F714 /* checkmark@2x.png */,
				0FC979E317532A450088F714 /* no_summary@2x.png */,
				0FF8310F175195B5003C8693 /* calendarIcon_highlight@2x.png */,
				0FF83110175195B5003C8693 /* calendarIcon@2x.png */,
				0FBA1D19175F1F7900A8A4D7 /* liked@2x.png */,
				0FBA1D1A175F1F7900A8A4D7 /* like@2x.png */,
				0FBA1D1B175F1F7900A8A4D7 /* watch@2x.png */,
				0FBA1D1C175F1F7900A8A4D7 /* watched@2x.png */,
				0F8C1CBC175178C3003CB01C /* leftNavShippedImage@2x.png */,
				0F8C1CBD175178C3003CB01C /* leftNavSearchImage@2x.png */,
				0F8C1CBE175178C3003CB01C /* leftNavWatchlistImage@2x.png */,
				0F8C1CBF175178C3003CB01C /* leftNavUpcomingImage@2x.png */,
				0F8C1CC417517941003CB01C /* leftNavLogoImage@2x.png */,
				0F551F33175075A0008C6290 /* disclosureArrow_highlight@2x.png */,
				0F551F3117507033008C6290 /* disclosureArrow@2x.png */,
				0FD0F102175048A600DE9AD5 /* navbar-background@2x.png */,
				0F797267174C7A7900095979 /* backButton@2x.png */,
				0FB3C4B01749BD9B00B5EEB6 /* Default-568h@2x.png */,
				0FD1F0E81738E3C00053C61A /* 57.png */,
				0FD1F0E61738E3650053C61A /* 114.png */,
				0FB823C517488D7A0033C597 /* navBarRightButton@2x.png */,
				0FB823C317488BC10033C597 /* navBarLeftButton@2x.png */,
				0FB823BD174877A70033C597 /* tablviewSectionHeader@2x.png */,
				0FB823BB17486AB50033C597 /* navbar-background_old@2x.png */,
				B9D3E7C716D821A600C84F30 /* SBSearchTableViewController.xib */,
				B9B7E4DD16AC5C9B00FFC031 /* Shipbit.xcdatamodeld */,
				B9B7E3FD16AB15E800FFC031 /* Shipbit-Info.plist */,
				B9B7E3FE16AB15E800FFC031 /* InfoPlist.strings */,
				B9B7E40116AB15E800FFC031 /* main.m */,
				B9B7E40316AB15E800FFC031 /* Shipbit-Prefix.pch */,
			);
			name = "Supporting Files";
			sourceTree = "<group>";
		};
/* End PBXGroup section */

/* Begin PBXNativeTarget section */
		B9B7E3F016AB15E800FFC031 /* Shipbit */ = {
			isa = PBXNativeTarget;
			buildConfigurationList = B9B7E40F16AB15E800FFC031 /* Build configuration list for PBXNativeTarget "Shipbit" */;
			buildPhases = (
				B9B7E3ED16AB15E800FFC031 /* Sources */,
				B9B7E3EE16AB15E800FFC031 /* Frameworks */,
				B9B7E3EF16AB15E800FFC031 /* Resources */,
				0FF374E3175CFD3D00E4DB71 /* ShellScript */,
			);
			buildRules = (
			);
			dependencies = (
			);
			name = Shipbit;
			productName = Shipbit;
			productReference = B9B7E3F116AB15E800FFC031 /* Shipbit.app */;
			productType = "com.apple.product-type.application";
		};
/* End PBXNativeTarget section */

/* Begin PBXProject section */
		B9B7E3E816AB15E800FFC031 /* Project object */ = {
			isa = PBXProject;
			attributes = {
				CLASSPREFIX = SB;
				LastUpgradeCheck = 0450;
				ORGANIZATIONNAME = PatrickMick;
			};
			buildConfigurationList = B9B7E3EB16AB15E800FFC031 /* Build configuration list for PBXProject "Shipbit" */;
			compatibilityVersion = "Xcode 3.2";
			developmentRegion = English;
			hasScannedForEncodings = 0;
			knownRegions = (
				en,
			);
			mainGroup = B9B7E3E616AB15E800FFC031;
			productRefGroup = B9B7E3F216AB15E800FFC031 /* Products */;
			projectDirPath = "";
			projectRoot = "";
			targets = (
				B9B7E3F016AB15E800FFC031 /* Shipbit */,
			);
		};
/* End PBXProject section */

/* Begin PBXResourcesBuildPhase section */
		B9B7E3EF16AB15E800FFC031 /* Resources */ = {
			isa = PBXResourcesBuildPhase;
			buildActionMask = 2147483647;
			files = (
				B9B7E40016AB15E800FFC031 /* InfoPlist.strings in Resources */,
				B9D3E7C916D821A600C84F30 /* SBSearchTableViewController.xib in Resources */,
				0FF6EC761732531F00ABE4B8 /* README.txt in Resources */,
				0FF87D0417359BDC00DD7814 /* InfoPlist.strings in Resources */,
				0FF87D0517359BDC00DD7814 /* Localizable.strings in Resources */,
				0FD1F0E71738E3650053C61A /* 114.png in Resources */,
				0FD1F0E91738E3C00053C61A /* 57.png in Resources */,
				0FB823BC17486AB50033C597 /* navbar-background_old@2x.png in Resources */,
				0FB823BE174877A70033C597 /* tablviewSectionHeader@2x.png in Resources */,
				0FB823C417488BC10033C597 /* navBarLeftButton@2x.png in Resources */,
				0FB823C617488D7A0033C597 /* navBarRightButton@2x.png in Resources */,
				0FB3C4B11749BD9B00B5EEB6 /* Default-568h@2x.png in Resources */,
				0F797268174C7A7900095979 /* backButton@2x.png in Resources */,
				0FD0F103175048A600DE9AD5 /* navbar-background@2x.png in Resources */,
				0F551F3217507033008C6290 /* disclosureArrow@2x.png in Resources */,
				0F551F34175075A0008C6290 /* disclosureArrow_highlight@2x.png in Resources */,
				0F8C1CC0175178C3003CB01C /* leftNavShippedImage@2x.png in Resources */,
				0F8C1CC1175178C3003CB01C /* leftNavSearchImage@2x.png in Resources */,
				0F8C1CC2175178C3003CB01C /* leftNavWatchlistImage@2x.png in Resources */,
				0F8C1CC3175178C3003CB01C /* leftNavUpcomingImage@2x.png in Resources */,
				0F8C1CC517517941003CB01C /* leftNavLogoImage@2x.png in Resources */,
				0FF83111175195B5003C8693 /* calendarIcon_highlight@2x.png in Resources */,
				0FF83112175195B5003C8693 /* calendarIcon@2x.png in Resources */,
				0FC979E417532A450088F714 /* no_summary@2x.png in Resources */,
				0FC979E6175331E90088F714 /* checkmark@2x.png in Resources */,
				0F01894A1753487D00907553 /* searchbarBackground@2x.png in Resources */,
				0F01894B1753487D00907553 /* searchbarIcon@2x.png in Resources */,
				0F01894C1753487D00907553 /* searchFieldBackground@2x.png in Resources */,
				0F01894F17534AA800907553 /* cancelButton@2x.png in Resources */,
				0F01895017534AA800907553 /* searchingFieldBackground@2x.png in Resources */,
				0F0189551753515A00907553 /* circle_border_light@2x.png in Resources */,
				0F0189561753515A00907553 /* highlight_circle@2x.png in Resources */,
				0F0189581753519800907553 /* placeholder@2x.png in Resources */,
				0F4901D217543C3A004BC051 /* editDoneButtonPressed@2x.png in Resources */,
				0F4901D317543C3A004BC051 /* editButton@2x.png in Resources */,
				0F4901D417543C3A004BC051 /* editButtonPressed.png in Resources */,
				0F4901D517543C3A004BC051 /* editDoneButton@2x.png in Resources */,
				0F9FA2AF175459B4007BCA44 /* navButtonBack@2x.png in Resources */,
				0F9FA2B117545EC4007BCA44 /* navButtonBackSelected@2x.png in Resources */,
				0F2BBA5B175462E4006B85F1 /* tellFriendsPressed@2x.png in Resources */,
				0F2BBA5C175462E4006B85F1 /* tellFriends@2x.png in Resources */,
				0F2BBA5E1754676C006B85F1 /* doneButtonBackgroundImage@2x.png in Resources */,
				0F2BBA6017546851006B85F1 /* doneButtonBackgroundImagePressed@2x.png in Resources */,
				0F26DA4E1755E4A00044CDA1 /* searchCancelButton@2x.png in Resources */,
				0F26DA501755E4A30044CDA1 /* searchCancelButtonPressed@2x.png in Resources */,
				0FCE36781755EB45004C9F04 /* likesImage@2x.png in Resources */,
				0FCE367C1755EB52004C9F04 /* readReviewsButton@2x.png in Resources */,
				0FCE367D1755EB52004C9F04 /* readReviewsButtonPressed@2x.png in Resources */,
				0FCE367E1755EB52004C9F04 /* metacriticImage@2x.png in Resources */,
				0FD9466017570BC700EEFAE5 /* stopwatchImage@2x.png in Resources */,
				0FD946621757226700EEFAE5 /* stopwatchImageWhite@2x.png in Resources */,
				0FD9466617572C0900EEFAE5 /* watchlist_unpopulated@2x.png in Resources */,
				0F94536B175D84CA00A16FA3 /* README.md in Resources */,
				0F94536C175D84CA00A16FA3 /* release_notes.md in Resources */,
				0FBA1D1D175F1F7900A8A4D7 /* liked@2x.png in Resources */,
				0FBA1D1E175F1F7900A8A4D7 /* like@2x.png in Resources */,
				0FBA1D1F175F1F7900A8A4D7 /* watch@2x.png in Resources */,
				0FBA1D20175F1F7900A8A4D7 /* watched@2x.png in Resources */,
			);
			runOnlyForDeploymentPostprocessing = 0;
		};
/* End PBXResourcesBuildPhase section */

/* Begin PBXShellScriptBuildPhase section */
		0FF374E3175CFD3D00E4DB71 /* ShellScript */ = {
			isa = PBXShellScriptBuildPhase;
			buildActionMask = 2147483647;
			files = (
			);
			inputPaths = (
			);
			outputPaths = (
			);
			runOnlyForDeploymentPostprocessing = 0;
			shellPath = /bin/sh;
			shellScript = "./Crashlytics.framework/run 4ff39aeb9b01c4adbb2c4e49da0a43666d1a86cb";
		};
/* End PBXShellScriptBuildPhase section */

/* Begin PBXSourcesBuildPhase section */
		B9B7E3ED16AB15E800FFC031 /* Sources */ = {
			isa = PBXSourcesBuildPhase;
			buildActionMask = 2147483647;
			files = (
				B9B7E40216AB15E800FFC031 /* main.m in Sources */,
				B9B7E40616AB15E800FFC031 /* SBAppDelegate.m in Sources */,
				B9B7E4DA16AC5C7A00FFC031 /* SBAFParseAPIClient.m in Sources */,
				B9B7E4DB16AC5C7A00FFC031 /* SBCoreDataController.m in Sources */,
				B9B7E4DC16AC5C7A00FFC031 /* SBSyncEngine.m in Sources */,
				B9B7E4DF16AC5C9B00FFC031 /* Shipbit.xcdatamodeld in Sources */,
				B9B7E4E516AC5D3B00FFC031 /* SBGameCell.m in Sources */,
				B9951D2516B452F200502A24 /* SBFavoritesTableViewController.m in Sources */,
				B9D3E7C816D821A600C84F30 /* SBSearchTableViewController.m in Sources */,
				B9D3E7CC16D8567200C84F30 /* SBPlatformsTableViewController.m in Sources */,
				0FC167C71726075F0019304D /* AFHTTPClient.m in Sources */,
				0FC167C81726075F0019304D /* AFHTTPRequestOperation.m in Sources */,
				0FC167C91726075F0019304D /* AFImageRequestOperation.m in Sources */,
				0FC167CA1726075F0019304D /* AFJSONRequestOperation.m in Sources */,
				0FC167CB1726075F0019304D /* AFNetworkActivityIndicatorManager.m in Sources */,
				0FC167CC1726075F0019304D /* AFPropertyListRequestOperation.m in Sources */,
				0FC167CD1726075F0019304D /* AFURLConnectionOperation.m in Sources */,
				0FC167CE1726075F0019304D /* AFXMLRequestOperation.m in Sources */,
				0FC167CF1726075F0019304D /* UIImageView+AFNetworking.m in Sources */,
				0F011036172DA19D003BAFF6 /* JASidePanelController.m in Sources */,
				0F011037172DA19D003BAFF6 /* UIViewController+JASidePanel.m in Sources */,
				0FA028A3172DCB830018CB42 /* SBLeftSideNavViewController.m in Sources */,
				0FF6EC6F1732531F00ABE4B8 /* DDAbstractDatabaseLogger.m in Sources */,
				0FF6EC701732531F00ABE4B8 /* DDASLLogger.m in Sources */,
				0FF6EC711732531F00ABE4B8 /* DDFileLogger.m in Sources */,
				0FF6EC721732531F00ABE4B8 /* DDLog.m in Sources */,
				0FF6EC731732531F00ABE4B8 /* DDTTYLogger.m in Sources */,
				0FF6EC741732531F00ABE4B8 /* ContextFilterLogFormatter.m in Sources */,
				0FF6EC751732531F00ABE4B8 /* DispatchQueueLogFormatter.m in Sources */,
				0F4EFFD317330AFD00B3B0F0 /* XCodeConsoleLogFormatter.m in Sources */,
				0FF0BCF61735B5D200B8FD68 /* Game.m in Sources */,
				0FF0BCF71735B5D200B8FD68 /* Platform.m in Sources */,
				0FF0BCFC1735B5E600B8FD68 /* _Game.m in Sources */,
				0FF0BCFD1735B5E600B8FD68 /* _Platform.m in Sources */,
				0F9FFD9A17372CB70030DB95 /* SBReleasedViewController.m in Sources */,
				0FB5323C1738250F006F91FD /* SBUpcomingViewController.m in Sources */,
				0F51F3FE1741A867003BE3F9 /* UIImage+Extras.m in Sources */,
				0FB3C4B41749DB8400B5EEB6 /* SBGameDetailHeaderView.m in Sources */,
				0FB3C4B71749E5F100B5EEB6 /* SBGameDetailViewController.m in Sources */,
				0FB3C4BE1749F50A00B5EEB6 /* SDSegmentedControl.m in Sources */,
				0FB795AD174D78DF0087FB10 /* SBSummaryView.m in Sources */,
				0F7DA9BD174D889100E7814E /* SBInfoView.m in Sources */,
				0F7DA9C0174D92F100E7814E /* SBRatingView.m in Sources */,
				0F6DC19317514A420071978C /* UIColor+Extras.m in Sources */,
				0F6DC1A0175155C10071978C /* SBLeftNavCell.m in Sources */,
				0FD9465E1757078F00EEFAE5 /* NSDate+Utilities.m in Sources */,
				0FC811571759CF4400975145 /* MBProgressHUD.m in Sources */,
			);
			runOnlyForDeploymentPostprocessing = 0;
		};
/* End PBXSourcesBuildPhase section */

/* Begin PBXVariantGroup section */
		0FF87CFB17359BDC00DD7814 /* InfoPlist.strings */ = {
			isa = PBXVariantGroup;
			children = (
				0FF87CFC17359BDC00DD7814 /* en */,
			);
			name = InfoPlist.strings;
			sourceTree = "<group>";
		};
		B9B7E3FE16AB15E800FFC031 /* InfoPlist.strings */ = {
			isa = PBXVariantGroup;
			children = (
				B9B7E3FF16AB15E800FFC031 /* en */,
			);
			name = InfoPlist.strings;
			sourceTree = "<group>";
		};
/* End PBXVariantGroup section */

/* Begin XCBuildConfiguration section */
		B9B7E40D16AB15E800FFC031 /* Debug */ = {
			isa = XCBuildConfiguration;
			buildSettings = {
				ALWAYS_SEARCH_USER_PATHS = NO;
				CLANG_CXX_LANGUAGE_STANDARD = "gnu++0x";
				CLANG_CXX_LIBRARY = "libc++";
				CLANG_ENABLE_OBJC_ARC = YES;
				CLANG_WARN_EMPTY_BODY = YES;
				CLANG_WARN__DUPLICATE_METHOD_MATCH = YES;
				"CODE_SIGN_IDENTITY[sdk=iphoneos*]" = "iPhone Developer";
				COPY_PHASE_STRIP = NO;
				GCC_C_LANGUAGE_STANDARD = gnu99;
				GCC_DYNAMIC_NO_PIC = NO;
				GCC_OPTIMIZATION_LEVEL = 0;
				GCC_PREPROCESSOR_DEFINITIONS = (
					"DEBUG=1",
					"$(inherited)",
				);
				GCC_SYMBOLS_PRIVATE_EXTERN = NO;
				GCC_WARN_ABOUT_RETURN_TYPE = YES;
				GCC_WARN_UNINITIALIZED_AUTOS = YES;
				GCC_WARN_UNUSED_VARIABLE = YES;
				IPHONEOS_DEPLOYMENT_TARGET = 6.0;
				ONLY_ACTIVE_ARCH = YES;
				SDKROOT = iphoneos;
			};
			name = Debug;
		};
		B9B7E40E16AB15E800FFC031 /* Release */ = {
			isa = XCBuildConfiguration;
			buildSettings = {
				ALWAYS_SEARCH_USER_PATHS = NO;
				CLANG_CXX_LANGUAGE_STANDARD = "gnu++0x";
				CLANG_CXX_LIBRARY = "libc++";
				CLANG_ENABLE_OBJC_ARC = YES;
				CLANG_WARN_EMPTY_BODY = YES;
				CLANG_WARN__DUPLICATE_METHOD_MATCH = YES;
				"CODE_SIGN_IDENTITY[sdk=iphoneos*]" = "iPhone Developer";
				COPY_PHASE_STRIP = YES;
				GCC_C_LANGUAGE_STANDARD = gnu99;
				GCC_WARN_ABOUT_RETURN_TYPE = YES;
				GCC_WARN_UNINITIALIZED_AUTOS = YES;
				GCC_WARN_UNUSED_VARIABLE = YES;
				IPHONEOS_DEPLOYMENT_TARGET = 6.0;
				OTHER_CFLAGS = "-DNS_BLOCK_ASSERTIONS=1";
				SDKROOT = iphoneos;
				VALIDATE_PRODUCT = YES;
			};
			name = Release;
		};
		B9B7E41016AB15E800FFC031 /* Debug */ = {
			isa = XCBuildConfiguration;
			buildSettings = {
				CLANG_WARN_CONSTANT_CONVERSION = YES;
				CLANG_WARN_DEPRECATED_OBJC_IMPLEMENTATIONS = YES;
				CLANG_WARN_ENUM_CONVERSION = YES;
				CLANG_WARN_IMPLICIT_SIGN_CONVERSION = NO;
				CLANG_WARN_INT_CONVERSION = YES;
				CLANG_WARN_OBJC_IMPLICIT_ATOMIC_PROPERTIES = NO;
				CLANG_WARN_OBJC_MISSING_PROPERTY_SYNTHESIS = NO;
				CLANG_WARN_OBJC_RECEIVER_WEAK = YES;
				CLANG_WARN_SUSPICIOUS_IMPLICIT_CONVERSION = YES;
				CODE_SIGN_IDENTITY = "iPhone Distribution: Patrick Mick (9FP9G62F9N)";
				"CODE_SIGN_IDENTITY[sdk=iphoneos*]" = "iPhone Distribution: Patrick Mick (9FP9G62F9N)";
				FRAMEWORK_SEARCH_PATHS = (
					"$(inherited)",
					"\"$(SRCROOT)\"",
				);
				GCC_PRECOMPILE_PREFIX_HEADER = YES;
				GCC_PREFIX_HEADER = "Shipbit/Shipbit-Prefix.pch";
				GCC_TREAT_IMPLICIT_FUNCTION_DECLARATIONS_AS_ERRORS = YES;
				GCC_TREAT_INCOMPATIBLE_POINTER_TYPE_WARNINGS_AS_ERRORS = YES;
				GCC_WARN_64_TO_32_BIT_CONVERSION = YES;
				GCC_WARN_ABOUT_MISSING_FIELD_INITIALIZERS = YES;
				GCC_WARN_ABOUT_MISSING_NEWLINE = YES;
				GCC_WARN_ABOUT_MISSING_PROTOTYPES = YES;
				GCC_WARN_FOUR_CHARACTER_CONSTANTS = YES;
				GCC_WARN_INITIALIZER_NOT_FULLY_BRACKETED = YES;
				GCC_WARN_MULTIPLE_DEFINITION_TYPES_FOR_SELECTOR = NO;
				GCC_WARN_SHADOW = YES;
				GCC_WARN_SIGN_COMPARE = YES;
				GCC_WARN_STRICT_SELECTOR_MATCH = YES;
				GCC_WARN_UNDECLARED_SELECTOR = YES;
				GCC_WARN_UNKNOWN_PRAGMAS = YES;
				GCC_WARN_UNUSED_FUNCTION = YES;
				GCC_WARN_UNUSED_LABEL = YES;
				GCC_WARN_UNUSED_PARAMETER = NO;
				INFOPLIST_FILE = "Shipbit/Shipbit-Info.plist";
				LIBRARY_SEARCH_PATHS = (
					"$(inherited)",
					"\"$(SRCROOT)/Shipbit/TestFlightSDK\"",
				);
				OTHER_LDFLAGS = "-ObjC";
				PRODUCT_NAME = "$(TARGET_NAME)";
				PROVISIONING_PROFILE = "EF4E408C-07B8-4CAD-ACE8-7C8FAD2247C5";
				"PROVISIONING_PROFILE[sdk=iphoneos*]" = "EF4E408C-07B8-4CAD-ACE8-7C8FAD2247C5";
				WRAPPER_EXTENSION = app;
			};
			name = Debug;
		};
		B9B7E41116AB15E800FFC031 /* Release */ = {
			isa = XCBuildConfiguration;
			buildSettings = {
				CLANG_WARN_CONSTANT_CONVERSION = YES;
				CLANG_WARN_DEPRECATED_OBJC_IMPLEMENTATIONS = YES;
				CLANG_WARN_ENUM_CONVERSION = YES;
				CLANG_WARN_IMPLICIT_SIGN_CONVERSION = NO;
				CLANG_WARN_INT_CONVERSION = YES;
				CLANG_WARN_OBJC_IMPLICIT_ATOMIC_PROPERTIES = NO;
				CLANG_WARN_OBJC_MISSING_PROPERTY_SYNTHESIS = NO;
				CLANG_WARN_OBJC_RECEIVER_WEAK = YES;
				CLANG_WARN_SUSPICIOUS_IMPLICIT_CONVERSION = YES;
				CODE_SIGN_IDENTITY = "iPhone Distribution: Patrick Mick (9FP9G62F9N)";
				"CODE_SIGN_IDENTITY[sdk=iphoneos*]" = "iPhone Distribution: Patrick Mick (9FP9G62F9N)";
				FRAMEWORK_SEARCH_PATHS = (
					"$(inherited)",
					"\"$(SRCROOT)\"",
				);
				GCC_PRECOMPILE_PREFIX_HEADER = YES;
				GCC_PREFIX_HEADER = "Shipbit/Shipbit-Prefix.pch";
				GCC_TREAT_IMPLICIT_FUNCTION_DECLARATIONS_AS_ERRORS = YES;
				GCC_TREAT_INCOMPATIBLE_POINTER_TYPE_WARNINGS_AS_ERRORS = YES;
				GCC_WARN_64_TO_32_BIT_CONVERSION = YES;
				GCC_WARN_ABOUT_MISSING_FIELD_INITIALIZERS = YES;
				GCC_WARN_ABOUT_MISSING_NEWLINE = YES;
				GCC_WARN_ABOUT_MISSING_PROTOTYPES = YES;
				GCC_WARN_FOUR_CHARACTER_CONSTANTS = YES;
				GCC_WARN_INITIALIZER_NOT_FULLY_BRACKETED = YES;
				GCC_WARN_MULTIPLE_DEFINITION_TYPES_FOR_SELECTOR = NO;
				GCC_WARN_SHADOW = YES;
				GCC_WARN_SIGN_COMPARE = YES;
				GCC_WARN_STRICT_SELECTOR_MATCH = YES;
				GCC_WARN_UNDECLARED_SELECTOR = YES;
				GCC_WARN_UNKNOWN_PRAGMAS = YES;
				GCC_WARN_UNUSED_FUNCTION = YES;
				GCC_WARN_UNUSED_LABEL = YES;
				GCC_WARN_UNUSED_PARAMETER = NO;
				INFOPLIST_FILE = "Shipbit/Shipbit-Info.plist";
				LIBRARY_SEARCH_PATHS = (
					"$(inherited)",
					"\"$(SRCROOT)/Shipbit/TestFlightSDK\"",
				);
				OTHER_LDFLAGS = "-ObjC";
				PRODUCT_NAME = "$(TARGET_NAME)";
				PROVISIONING_PROFILE = "EF4E408C-07B8-4CAD-ACE8-7C8FAD2247C5";
				"PROVISIONING_PROFILE[sdk=iphoneos*]" = "EF4E408C-07B8-4CAD-ACE8-7C8FAD2247C5";
				WRAPPER_EXTENSION = app;
			};
			name = Release;
		};
/* End XCBuildConfiguration section */

/* Begin XCConfigurationList section */
		B9B7E3EB16AB15E800FFC031 /* Build configuration list for PBXProject "Shipbit" */ = {
			isa = XCConfigurationList;
			buildConfigurations = (
				B9B7E40D16AB15E800FFC031 /* Debug */,
				B9B7E40E16AB15E800FFC031 /* Release */,
			);
			defaultConfigurationIsVisible = 0;
			defaultConfigurationName = Release;
		};
		B9B7E40F16AB15E800FFC031 /* Build configuration list for PBXNativeTarget "Shipbit" */ = {
			isa = XCConfigurationList;
			buildConfigurations = (
				B9B7E41016AB15E800FFC031 /* Debug */,
				B9B7E41116AB15E800FFC031 /* Release */,
			);
			defaultConfigurationIsVisible = 0;
			defaultConfigurationName = Release;
		};
/* End XCConfigurationList section */

/* Begin XCVersionGroup section */
		B9B7E4DD16AC5C9B00FFC031 /* Shipbit.xcdatamodeld */ = {
			isa = XCVersionGroup;
			children = (
				B9B7E4DE16AC5C9B00FFC031 /* Shipbit.xcdatamodel */,
			);
			currentVersion = B9B7E4DE16AC5C9B00FFC031 /* Shipbit.xcdatamodel */;
			path = Shipbit.xcdatamodeld;
			sourceTree = "<group>";
			versionGroupType = wrapper.xcdatamodel;
		};
/* End XCVersionGroup section */
	};
	rootObject = B9B7E3E816AB15E800FFC031 /* Project object */;
}
